// !$*UTF8*$!
{
	archiveVersion = 1;
	classes = {
	};
	objectVersion = 56;
	objects = {

/* Begin PBXBuildFile section */
		D60ECF5A2B037DBA00D9972F /* WidgetRenderingPresenter.swift in Sources */ = {isa = PBXBuildFile; fileRef = D60ECF592B037DBA00D9972F /* WidgetRenderingPresenter.swift */; };
		D61B18D42B06A2710012F694 /* WidgetRenderingViewModel.swift in Sources */ = {isa = PBXBuildFile; fileRef = D61B18D32B06A2710012F694 /* WidgetRenderingViewModel.swift */; };
		D61B18DC2B06A8430012F694 /* PresentationUITests.swift in Sources */ = {isa = PBXBuildFile; fileRef = D61B18DB2B06A8430012F694 /* PresentationUITests.swift */; };
		D6447DEB2B0DD7440021BEBA /* PrintConsoleAction.swift in Sources */ = {isa = PBXBuildFile; fileRef = D6447DEA2B0DD7440021BEBA /* PrintConsoleAction.swift */; };
		D6447DED2B0DD75C0021BEBA /* PrintConsoleActionDTO.swift in Sources */ = {isa = PBXBuildFile; fileRef = D6447DEC2B0DD75C0021BEBA /* PrintConsoleActionDTO.swift */; };
		D66454F72B0BC6F0006BC425 /* Widget.swift in Sources */ = {isa = PBXBuildFile; fileRef = D66454F32B0BC6F0006BC425 /* Widget.swift */; };
		D66454F82B0BC6F0006BC425 /* Action.swift in Sources */ = {isa = PBXBuildFile; fileRef = D66454F42B0BC6F0006BC425 /* Action.swift */; };
		D66454FC2B0BC72B006BC425 /* AnyDecodable.swift in Sources */ = {isa = PBXBuildFile; fileRef = D66454FB2B0BC72B006BC425 /* AnyDecodable.swift */; };
		D66455012B0BDD42006BC425 /* AnyEncodable.swift in Sources */ = {isa = PBXBuildFile; fileRef = D66455002B0BDD42006BC425 /* AnyEncodable.swift */; };
		D66739C52B072F5B00CE0259 /* Helpers.swift in Sources */ = {isa = PBXBuildFile; fileRef = D66739C42B072F5B00CE0259 /* Helpers.swift */; };
		D66739C82B0738A900CE0259 /* WidgetsModelStoreFake.swift in Sources */ = {isa = PBXBuildFile; fileRef = D66739C72B0738A900CE0259 /* WidgetsModelStoreFake.swift */; };
		D66739CA2B0738BB00CE0259 /* DSL.swift in Sources */ = {isa = PBXBuildFile; fileRef = D66739C92B0738BB00CE0259 /* DSL.swift */; };
		D66739D32B0739B100CE0259 /* LabelModel.swift in Sources */ = {isa = PBXBuildFile; fileRef = D66739D22B0739B100CE0259 /* LabelModel.swift */; };
		D66739D52B0739C500CE0259 /* StackModel.swift in Sources */ = {isa = PBXBuildFile; fileRef = D66739D42B0739C500CE0259 /* StackModel.swift */; };
		D66739D72B0739D400CE0259 /* StackView.swift in Sources */ = {isa = PBXBuildFile; fileRef = D66739D62B0739D400CE0259 /* StackView.swift */; };
		D66739D92B0739DF00CE0259 /* LabelView.swift in Sources */ = {isa = PBXBuildFile; fileRef = D66739D82B0739DF00CE0259 /* LabelView.swift */; };
		D66739DB2B073C1700CE0259 /* RootWidgetCoordinator.swift in Sources */ = {isa = PBXBuildFile; fileRef = D66739DA2B073C1600CE0259 /* RootWidgetCoordinator.swift */; };
		D66739DF2B073C4400CE0259 /* RootWidget.swift in Sources */ = {isa = PBXBuildFile; fileRef = D66739DE2B073C4400CE0259 /* RootWidget.swift */; };
		D6A2B28B2B0C848200F23C69 /* WidgetDTO.swift in Sources */ = {isa = PBXBuildFile; fileRef = D6A2B28A2B0C848200F23C69 /* WidgetDTO.swift */; };
		D6A2B28D2B0C84A200F23C69 /* ActionDTO.swift in Sources */ = {isa = PBXBuildFile; fileRef = D6A2B28C2B0C84A200F23C69 /* ActionDTO.swift */; };
		D6A2B28F2B0C84E000F23C69 /* WidgetDTOMapper.swift in Sources */ = {isa = PBXBuildFile; fileRef = D6A2B28E2B0C84E000F23C69 /* WidgetDTOMapper.swift */; };
		D6A2B2912B0C890400F23C69 /* AnyCodable.swift in Sources */ = {isa = PBXBuildFile; fileRef = D6A2B2902B0C890400F23C69 /* AnyCodable.swift */; };
		D6A2B2932B0C9DC700F23C69 /* SubmitFormActionPerformer.swift in Sources */ = {isa = PBXBuildFile; fileRef = D6A2B2922B0C9DC700F23C69 /* SubmitFormActionPerformer.swift */; };
		D6A2B2952B0C9ED000F23C69 /* LocalUpdateContentActionPerformer.swift in Sources */ = {isa = PBXBuildFile; fileRef = D6A2B2942B0C9ED000F23C69 /* LocalUpdateContentActionPerformer.swift */; };
		D6A2B2972B0CA19F00F23C69 /* ActionPerformersFactory.swift in Sources */ = {isa = PBXBuildFile; fileRef = D6A2B2962B0CA19F00F23C69 /* ActionPerformersFactory.swift */; };
		D6A2B2A02B0CA81600F23C69 /* LocalUpdateContentActionDTO.swift in Sources */ = {isa = PBXBuildFile; fileRef = D6A2B29F2B0CA81600F23C69 /* LocalUpdateContentActionDTO.swift */; };
		D6A2B2A22B0CA82B00F23C69 /* SubmitFormActionDTO.swift in Sources */ = {isa = PBXBuildFile; fileRef = D6A2B2A12B0CA82B00F23C69 /* SubmitFormActionDTO.swift */; };
		D6A2B2A52B0CA87700F23C69 /* SubmitFormAction.swift in Sources */ = {isa = PBXBuildFile; fileRef = D6A2B2A42B0CA87700F23C69 /* SubmitFormAction.swift */; };
		D6A2B2A82B0CA8AC00F23C69 /* LocalUpdateContentAction.swift in Sources */ = {isa = PBXBuildFile; fileRef = D6A2B2A72B0CA8AC00F23C69 /* LocalUpdateContentAction.swift */; };
		D6A2B2AA2B0CAA3F00F23C69 /* SerializationHelpers.swift in Sources */ = {isa = PBXBuildFile; fileRef = D6A2B2A92B0CAA3F00F23C69 /* SerializationHelpers.swift */; };
		D6A2B2AF2B0CCE7900F23C69 /* UIKitCoordinatorsFactory.swift in Sources */ = {isa = PBXBuildFile; fileRef = D6A2B2AE2B0CCE7900F23C69 /* UIKitCoordinatorsFactory.swift */; };
		D6A2B2B32B0CD7B600F23C69 /* LabelDTO.swift in Sources */ = {isa = PBXBuildFile; fileRef = D6A2B2B22B0CD7B600F23C69 /* LabelDTO.swift */; };
		D6A2B2B52B0CD7E800F23C69 /* StackDTO.swift in Sources */ = {isa = PBXBuildFile; fileRef = D6A2B2B42B0CD7E800F23C69 /* StackDTO.swift */; };
		D6A2B2C02B0CDB7100F23C69 /* ButtonModel.swift in Sources */ = {isa = PBXBuildFile; fileRef = D6A2B2BF2B0CDB7100F23C69 /* ButtonModel.swift */; };
		D6A2B2C22B0CDB8800F23C69 /* ButtonDTO.swift in Sources */ = {isa = PBXBuildFile; fileRef = D6A2B2C12B0CDB8800F23C69 /* ButtonDTO.swift */; };
		D6A2B2C42B0CDB9800F23C69 /* ButtonWidget.swift in Sources */ = {isa = PBXBuildFile; fileRef = D6A2B2C32B0CDB9800F23C69 /* ButtonWidget.swift */; };
		D6A2B2C62B0CDBAB00F23C69 /* SwitchModel.swift in Sources */ = {isa = PBXBuildFile; fileRef = D6A2B2C52B0CDBAB00F23C69 /* SwitchModel.swift */; };
		D6A2B2C82B0CDBB200F23C69 /* SwitchDTO.swift in Sources */ = {isa = PBXBuildFile; fileRef = D6A2B2C72B0CDBB200F23C69 /* SwitchDTO.swift */; };
		D6A2B2CA2B0CDBB900F23C69 /* SwitchWidget.swift in Sources */ = {isa = PBXBuildFile; fileRef = D6A2B2C92B0CDBB900F23C69 /* SwitchWidget.swift */; };
		D6A2B2D02B0CDFC500F23C69 /* ButtonIntents.swift in Sources */ = {isa = PBXBuildFile; fileRef = D6A2B2CF2B0CDFC500F23C69 /* ButtonIntents.swift */; };
		D6A2B2D22B0CDFCE00F23C69 /* SwitchIntents.swift in Sources */ = {isa = PBXBuildFile; fileRef = D6A2B2D12B0CDFCE00F23C69 /* SwitchIntents.swift */; };
		D6A2B2D42B0CE2C200F23C69 /* ButtonUIKitCoordinator.swift in Sources */ = {isa = PBXBuildFile; fileRef = D6A2B2D32B0CE2C200F23C69 /* ButtonUIKitCoordinator.swift */; };
		D6A2B2D62B0CE2D600F23C69 /* SwitchUIKitCoordinator.swift in Sources */ = {isa = PBXBuildFile; fileRef = D6A2B2D52B0CE2D600F23C69 /* SwitchUIKitCoordinator.swift */; };
		D6A2B2DC2B0CE4FB00F23C69 /* TopLeftBottom.swift in Sources */ = {isa = PBXBuildFile; fileRef = D6A2B2DB2B0CE4FB00F23C69 /* TopLeftBottom.swift */; };
		D6A2B2DE2B0CE50400F23C69 /* TopLeftBottomDTO.swift in Sources */ = {isa = PBXBuildFile; fileRef = D6A2B2DD2B0CE50400F23C69 /* TopLeftBottomDTO.swift */; };
		D6A2B2E02B0CE50D00F23C69 /* TopLeftBottomWidget.swift in Sources */ = {isa = PBXBuildFile; fileRef = D6A2B2DF2B0CE50D00F23C69 /* TopLeftBottomWidget.swift */; };
		D6A2B2E22B0CEA3E00F23C69 /* TopLeftBottomUIKitCoordinator.swift in Sources */ = {isa = PBXBuildFile; fileRef = D6A2B2E12B0CEA3E00F23C69 /* TopLeftBottomUIKitCoordinator.swift */; };
		D6A2B2E52B0CEF5E00F23C69 /* TopLeftBottomPresenter.swift in Sources */ = {isa = PBXBuildFile; fileRef = D6A2B2E42B0CEF5E00F23C69 /* TopLeftBottomPresenter.swift */; };
		D6A2B2E92B0CF4D700F23C69 /* ScreenComposer.swift in Sources */ = {isa = PBXBuildFile; fileRef = D6A2B2E82B0CF4D700F23C69 /* ScreenComposer.swift */; };
		D6A2B2EB2B0CFAE400F23C69 /* IntentHandler.swift in Sources */ = {isa = PBXBuildFile; fileRef = D6A2B2EA2B0CFAE400F23C69 /* IntentHandler.swift */; };
		D6A2B2EE2B0D049100F23C69 /* SwitchStateUpdater.swift in Sources */ = {isa = PBXBuildFile; fileRef = D6A2B2ED2B0D049100F23C69 /* SwitchStateUpdater.swift */; };
		D6A2B2F02B0D14DD00F23C69 /* RefreshActionPerformer.swift in Sources */ = {isa = PBXBuildFile; fileRef = D6A2B2EF2B0D14DD00F23C69 /* RefreshActionPerformer.swift */; };
		D6A2B2F32B0D257D00F23C69 /* WidgetsContentInteractor.swift in Sources */ = {isa = PBXBuildFile; fileRef = D6A2B2F22B0D257D00F23C69 /* WidgetsContentInteractor.swift */; };
		D6A2B2F72B0D2C2800F23C69 /* RefreshAction.swift in Sources */ = {isa = PBXBuildFile; fileRef = D6A2B2F62B0D2C2800F23C69 /* RefreshAction.swift */; };
		D6A2B2F92B0D2E9E00F23C69 /* RefreshActionDTO.swift in Sources */ = {isa = PBXBuildFile; fileRef = D6A2B2F82B0D2E9E00F23C69 /* RefreshActionDTO.swift */; };
		D6A2B2FB2B0D304700F23C69 /* CompositionHelpers.swift in Sources */ = {isa = PBXBuildFile; fileRef = D6A2B2FA2B0D304700F23C69 /* CompositionHelpers.swift */; };
		D6A2B2FD2B0D322600F23C69 /* Dummies.swift in Sources */ = {isa = PBXBuildFile; fileRef = D6A2B2FC2B0D322600F23C69 /* Dummies.swift */; };
		D6A2B3032B0D328B00F23C69 /* ActivityWidget.swift in Sources */ = {isa = PBXBuildFile; fileRef = D6A2B3022B0D328B00F23C69 /* ActivityWidget.swift */; };
		D6A2B3052B0D329500F23C69 /* ActivityDTO.swift in Sources */ = {isa = PBXBuildFile; fileRef = D6A2B3042B0D329500F23C69 /* ActivityDTO.swift */; };
		D6A2B3072B0D329D00F23C69 /* ActivityModel.swift in Sources */ = {isa = PBXBuildFile; fileRef = D6A2B3062B0D329D00F23C69 /* ActivityModel.swift */; };
		D6A2B3092B0D342B00F23C69 /* ActivityUIKitCoordinator.swift in Sources */ = {isa = PBXBuildFile; fileRef = D6A2B3082B0D342B00F23C69 /* ActivityUIKitCoordinator.swift */; };
		D6A4AACE2B0F281B00F28DFB /* StackPositioning.swift in Sources */ = {isa = PBXBuildFile; fileRef = D6A4AACD2B0F281B00F28DFB /* StackPositioning.swift */; };
		D6A4AAD02B0F289D00F28DFB /* TopLeftBottomPositioning.swift in Sources */ = {isa = PBXBuildFile; fileRef = D6A4AACF2B0F289D00F28DFB /* TopLeftBottomPositioning.swift */; };
		D6A4AAE12B0F7EEC00F28DFB /* UIKitWidgetCoordinator.swift in Sources */ = {isa = PBXBuildFile; fileRef = D6A4AAE02B0F7EEC00F28DFB /* UIKitWidgetCoordinator.swift */; };
		D6B5F1982B04FBCE007D24C6 /* UIKitWidgetCoordinatorRegistry.swift in Sources */ = {isa = PBXBuildFile; fileRef = D6B5F1972B04FBCE007D24C6 /* UIKitWidgetCoordinatorRegistry.swift */; };
		D6B5F19A2B04FD34007D24C6 /* StackViewUIKitCoordinator.swift in Sources */ = {isa = PBXBuildFile; fileRef = D6B5F1992B04FD34007D24C6 /* StackViewUIKitCoordinator.swift */; };
		D6B5F19C2B04FD60007D24C6 /* LabelWidgetUIKitCoordinator.swift in Sources */ = {isa = PBXBuildFile; fileRef = D6B5F19B2B04FD60007D24C6 /* LabelWidgetUIKitCoordinator.swift */; };
		D6BF80662B0B85F600857EDA /* PerformActionIntentHandler.swift in Sources */ = {isa = PBXBuildFile; fileRef = D6BF80652B0B85F600857EDA /* PerformActionIntentHandler.swift */; };
		D6BF80702B0B8EF100857EDA /* InMemoryWidgetStorage.swift in Sources */ = {isa = PBXBuildFile; fileRef = D6BF806F2B0B8EF100857EDA /* InMemoryWidgetStorage.swift */; };
		D6EC233C2B0376AC0085E147 /* AppDelegate.swift in Sources */ = {isa = PBXBuildFile; fileRef = D6EC233B2B0376AC0085E147 /* AppDelegate.swift */; };
		D6EC233E2B0376AC0085E147 /* SceneDelegate.swift in Sources */ = {isa = PBXBuildFile; fileRef = D6EC233D2B0376AC0085E147 /* SceneDelegate.swift */; };
		D6EC23402B0376AC0085E147 /* ViewController.swift in Sources */ = {isa = PBXBuildFile; fileRef = D6EC233F2B0376AC0085E147 /* ViewController.swift */; };
		D6EC23432B0376AC0085E147 /* Main.storyboard in Resources */ = {isa = PBXBuildFile; fileRef = D6EC23412B0376AC0085E147 /* Main.storyboard */; };
		D6EC23452B0376AD0085E147 /* Assets.xcassets in Resources */ = {isa = PBXBuildFile; fileRef = D6EC23442B0376AD0085E147 /* Assets.xcassets */; };
		D6EC23482B0376AD0085E147 /* LaunchScreen.storyboard in Resources */ = {isa = PBXBuildFile; fileRef = D6EC23462B0376AD0085E147 /* LaunchScreen.storyboard */; };
/* End PBXBuildFile section */

/* Begin PBXContainerItemProxy section */
		D61B18DD2B06A8430012F694 /* PBXContainerItemProxy */ = {
			isa = PBXContainerItemProxy;
			containerPortal = D6EC23302B0376AC0085E147 /* Project object */;
			proxyType = 1;
			remoteGlobalIDString = D6EC23372B0376AC0085E147;
			remoteInfo = "server-driven-ui";
		};
/* End PBXContainerItemProxy section */

/* Begin PBXFileReference section */
		D60ECF592B037DBA00D9972F /* WidgetRenderingPresenter.swift */ = {isa = PBXFileReference; lastKnownFileType = sourcecode.swift; path = WidgetRenderingPresenter.swift; sourceTree = "<group>"; };
		D61B18D32B06A2710012F694 /* WidgetRenderingViewModel.swift */ = {isa = PBXFileReference; lastKnownFileType = sourcecode.swift; path = WidgetRenderingViewModel.swift; sourceTree = "<group>"; };
		D61B18D92B06A8430012F694 /* server-driven-uiTests.xctest */ = {isa = PBXFileReference; explicitFileType = wrapper.cfbundle; includeInIndex = 0; path = "server-driven-uiTests.xctest"; sourceTree = BUILT_PRODUCTS_DIR; };
		D61B18DB2B06A8430012F694 /* PresentationUITests.swift */ = {isa = PBXFileReference; lastKnownFileType = sourcecode.swift; path = PresentationUITests.swift; sourceTree = "<group>"; };
		D6447DEA2B0DD7440021BEBA /* PrintConsoleAction.swift */ = {isa = PBXFileReference; lastKnownFileType = sourcecode.swift; path = PrintConsoleAction.swift; sourceTree = "<group>"; };
		D6447DEC2B0DD75C0021BEBA /* PrintConsoleActionDTO.swift */ = {isa = PBXFileReference; lastKnownFileType = sourcecode.swift; path = PrintConsoleActionDTO.swift; sourceTree = "<group>"; };
		D66454F32B0BC6F0006BC425 /* Widget.swift */ = {isa = PBXFileReference; fileEncoding = 4; lastKnownFileType = sourcecode.swift; path = Widget.swift; sourceTree = "<group>"; };
		D66454F42B0BC6F0006BC425 /* Action.swift */ = {isa = PBXFileReference; fileEncoding = 4; lastKnownFileType = sourcecode.swift; path = Action.swift; sourceTree = "<group>"; };
		D66454FB2B0BC72B006BC425 /* AnyDecodable.swift */ = {isa = PBXFileReference; lastKnownFileType = sourcecode.swift; path = AnyDecodable.swift; sourceTree = "<group>"; };
		D66455002B0BDD42006BC425 /* AnyEncodable.swift */ = {isa = PBXFileReference; lastKnownFileType = sourcecode.swift; path = AnyEncodable.swift; sourceTree = "<group>"; };
		D66739C42B072F5B00CE0259 /* Helpers.swift */ = {isa = PBXFileReference; lastKnownFileType = sourcecode.swift; path = Helpers.swift; sourceTree = "<group>"; };
		D66739C72B0738A900CE0259 /* WidgetsModelStoreFake.swift */ = {isa = PBXFileReference; lastKnownFileType = sourcecode.swift; path = WidgetsModelStoreFake.swift; sourceTree = "<group>"; };
		D66739C92B0738BB00CE0259 /* DSL.swift */ = {isa = PBXFileReference; lastKnownFileType = sourcecode.swift; path = DSL.swift; sourceTree = "<group>"; };
		D66739D22B0739B100CE0259 /* LabelModel.swift */ = {isa = PBXFileReference; lastKnownFileType = sourcecode.swift; path = LabelModel.swift; sourceTree = "<group>"; };
		D66739D42B0739C500CE0259 /* StackModel.swift */ = {isa = PBXFileReference; lastKnownFileType = sourcecode.swift; path = StackModel.swift; sourceTree = "<group>"; };
		D66739D62B0739D400CE0259 /* StackView.swift */ = {isa = PBXFileReference; lastKnownFileType = sourcecode.swift; path = StackView.swift; sourceTree = "<group>"; };
		D66739D82B0739DF00CE0259 /* LabelView.swift */ = {isa = PBXFileReference; lastKnownFileType = sourcecode.swift; path = LabelView.swift; sourceTree = "<group>"; };
		D66739DA2B073C1600CE0259 /* RootWidgetCoordinator.swift */ = {isa = PBXFileReference; lastKnownFileType = sourcecode.swift; path = RootWidgetCoordinator.swift; sourceTree = "<group>"; };
		D66739DE2B073C4400CE0259 /* RootWidget.swift */ = {isa = PBXFileReference; lastKnownFileType = sourcecode.swift; path = RootWidget.swift; sourceTree = "<group>"; };
		D6A2B28A2B0C848200F23C69 /* WidgetDTO.swift */ = {isa = PBXFileReference; lastKnownFileType = sourcecode.swift; path = WidgetDTO.swift; sourceTree = "<group>"; };
		D6A2B28C2B0C84A200F23C69 /* ActionDTO.swift */ = {isa = PBXFileReference; lastKnownFileType = sourcecode.swift; path = ActionDTO.swift; sourceTree = "<group>"; };
		D6A2B28E2B0C84E000F23C69 /* WidgetDTOMapper.swift */ = {isa = PBXFileReference; lastKnownFileType = sourcecode.swift; path = WidgetDTOMapper.swift; sourceTree = "<group>"; };
		D6A2B2902B0C890400F23C69 /* AnyCodable.swift */ = {isa = PBXFileReference; lastKnownFileType = sourcecode.swift; path = AnyCodable.swift; sourceTree = "<group>"; };
		D6A2B2922B0C9DC700F23C69 /* SubmitFormActionPerformer.swift */ = {isa = PBXFileReference; lastKnownFileType = sourcecode.swift; path = SubmitFormActionPerformer.swift; sourceTree = "<group>"; };
		D6A2B2942B0C9ED000F23C69 /* LocalUpdateContentActionPerformer.swift */ = {isa = PBXFileReference; lastKnownFileType = sourcecode.swift; path = LocalUpdateContentActionPerformer.swift; sourceTree = "<group>"; };
		D6A2B2962B0CA19F00F23C69 /* ActionPerformersFactory.swift */ = {isa = PBXFileReference; lastKnownFileType = sourcecode.swift; path = ActionPerformersFactory.swift; sourceTree = "<group>"; };
		D6A2B29F2B0CA81600F23C69 /* LocalUpdateContentActionDTO.swift */ = {isa = PBXFileReference; lastKnownFileType = sourcecode.swift; path = LocalUpdateContentActionDTO.swift; sourceTree = "<group>"; };
		D6A2B2A12B0CA82B00F23C69 /* SubmitFormActionDTO.swift */ = {isa = PBXFileReference; lastKnownFileType = sourcecode.swift; path = SubmitFormActionDTO.swift; sourceTree = "<group>"; };
		D6A2B2A42B0CA87700F23C69 /* SubmitFormAction.swift */ = {isa = PBXFileReference; lastKnownFileType = sourcecode.swift; path = SubmitFormAction.swift; sourceTree = "<group>"; };
		D6A2B2A72B0CA8AC00F23C69 /* LocalUpdateContentAction.swift */ = {isa = PBXFileReference; lastKnownFileType = sourcecode.swift; path = LocalUpdateContentAction.swift; sourceTree = "<group>"; };
		D6A2B2A92B0CAA3F00F23C69 /* SerializationHelpers.swift */ = {isa = PBXFileReference; lastKnownFileType = sourcecode.swift; path = SerializationHelpers.swift; sourceTree = "<group>"; };
		D6A2B2AE2B0CCE7900F23C69 /* UIKitCoordinatorsFactory.swift */ = {isa = PBXFileReference; lastKnownFileType = sourcecode.swift; path = UIKitCoordinatorsFactory.swift; sourceTree = "<group>"; };
		D6A2B2B22B0CD7B600F23C69 /* LabelDTO.swift */ = {isa = PBXFileReference; lastKnownFileType = sourcecode.swift; path = LabelDTO.swift; sourceTree = "<group>"; };
		D6A2B2B42B0CD7E800F23C69 /* StackDTO.swift */ = {isa = PBXFileReference; lastKnownFileType = sourcecode.swift; path = StackDTO.swift; sourceTree = "<group>"; };
		D6A2B2BF2B0CDB7100F23C69 /* ButtonModel.swift */ = {isa = PBXFileReference; lastKnownFileType = sourcecode.swift; path = ButtonModel.swift; sourceTree = "<group>"; };
		D6A2B2C12B0CDB8800F23C69 /* ButtonDTO.swift */ = {isa = PBXFileReference; lastKnownFileType = sourcecode.swift; path = ButtonDTO.swift; sourceTree = "<group>"; };
		D6A2B2C32B0CDB9800F23C69 /* ButtonWidget.swift */ = {isa = PBXFileReference; lastKnownFileType = sourcecode.swift; path = ButtonWidget.swift; sourceTree = "<group>"; };
		D6A2B2C52B0CDBAB00F23C69 /* SwitchModel.swift */ = {isa = PBXFileReference; lastKnownFileType = sourcecode.swift; path = SwitchModel.swift; sourceTree = "<group>"; };
		D6A2B2C72B0CDBB200F23C69 /* SwitchDTO.swift */ = {isa = PBXFileReference; lastKnownFileType = sourcecode.swift; path = SwitchDTO.swift; sourceTree = "<group>"; };
		D6A2B2C92B0CDBB900F23C69 /* SwitchWidget.swift */ = {isa = PBXFileReference; lastKnownFileType = sourcecode.swift; path = SwitchWidget.swift; sourceTree = "<group>"; };
		D6A2B2CF2B0CDFC500F23C69 /* ButtonIntents.swift */ = {isa = PBXFileReference; lastKnownFileType = sourcecode.swift; path = ButtonIntents.swift; sourceTree = "<group>"; };
		D6A2B2D12B0CDFCE00F23C69 /* SwitchIntents.swift */ = {isa = PBXFileReference; lastKnownFileType = sourcecode.swift; path = SwitchIntents.swift; sourceTree = "<group>"; };
		D6A2B2D32B0CE2C200F23C69 /* ButtonUIKitCoordinator.swift */ = {isa = PBXFileReference; lastKnownFileType = sourcecode.swift; path = ButtonUIKitCoordinator.swift; sourceTree = "<group>"; };
		D6A2B2D52B0CE2D600F23C69 /* SwitchUIKitCoordinator.swift */ = {isa = PBXFileReference; lastKnownFileType = sourcecode.swift; path = SwitchUIKitCoordinator.swift; sourceTree = "<group>"; };
		D6A2B2DB2B0CE4FB00F23C69 /* TopLeftBottom.swift */ = {isa = PBXFileReference; lastKnownFileType = sourcecode.swift; path = TopLeftBottom.swift; sourceTree = "<group>"; };
		D6A2B2DD2B0CE50400F23C69 /* TopLeftBottomDTO.swift */ = {isa = PBXFileReference; lastKnownFileType = sourcecode.swift; path = TopLeftBottomDTO.swift; sourceTree = "<group>"; };
		D6A2B2DF2B0CE50D00F23C69 /* TopLeftBottomWidget.swift */ = {isa = PBXFileReference; lastKnownFileType = sourcecode.swift; path = TopLeftBottomWidget.swift; sourceTree = "<group>"; };
		D6A2B2E12B0CEA3E00F23C69 /* TopLeftBottomUIKitCoordinator.swift */ = {isa = PBXFileReference; lastKnownFileType = sourcecode.swift; path = TopLeftBottomUIKitCoordinator.swift; sourceTree = "<group>"; };
		D6A2B2E42B0CEF5E00F23C69 /* TopLeftBottomPresenter.swift */ = {isa = PBXFileReference; lastKnownFileType = sourcecode.swift; path = TopLeftBottomPresenter.swift; sourceTree = "<group>"; };
		D6A2B2E82B0CF4D700F23C69 /* ScreenComposer.swift */ = {isa = PBXFileReference; lastKnownFileType = sourcecode.swift; path = ScreenComposer.swift; sourceTree = "<group>"; };
		D6A2B2EA2B0CFAE400F23C69 /* IntentHandler.swift */ = {isa = PBXFileReference; lastKnownFileType = sourcecode.swift; path = IntentHandler.swift; sourceTree = "<group>"; };
		D6A2B2ED2B0D049100F23C69 /* SwitchStateUpdater.swift */ = {isa = PBXFileReference; lastKnownFileType = sourcecode.swift; path = SwitchStateUpdater.swift; sourceTree = "<group>"; };
		D6A2B2EF2B0D14DD00F23C69 /* RefreshActionPerformer.swift */ = {isa = PBXFileReference; lastKnownFileType = sourcecode.swift; path = RefreshActionPerformer.swift; sourceTree = "<group>"; };
		D6A2B2F22B0D257D00F23C69 /* WidgetsContentInteractor.swift */ = {isa = PBXFileReference; lastKnownFileType = sourcecode.swift; path = WidgetsContentInteractor.swift; sourceTree = "<group>"; };
		D6A2B2F62B0D2C2800F23C69 /* RefreshAction.swift */ = {isa = PBXFileReference; lastKnownFileType = sourcecode.swift; path = RefreshAction.swift; sourceTree = "<group>"; };
		D6A2B2F82B0D2E9E00F23C69 /* RefreshActionDTO.swift */ = {isa = PBXFileReference; lastKnownFileType = sourcecode.swift; path = RefreshActionDTO.swift; sourceTree = "<group>"; };
		D6A2B2FA2B0D304700F23C69 /* CompositionHelpers.swift */ = {isa = PBXFileReference; lastKnownFileType = sourcecode.swift; path = CompositionHelpers.swift; sourceTree = "<group>"; };
		D6A2B2FC2B0D322600F23C69 /* Dummies.swift */ = {isa = PBXFileReference; lastKnownFileType = sourcecode.swift; path = Dummies.swift; sourceTree = "<group>"; };
		D6A2B3022B0D328B00F23C69 /* ActivityWidget.swift */ = {isa = PBXFileReference; lastKnownFileType = sourcecode.swift; path = ActivityWidget.swift; sourceTree = "<group>"; };
		D6A2B3042B0D329500F23C69 /* ActivityDTO.swift */ = {isa = PBXFileReference; lastKnownFileType = sourcecode.swift; path = ActivityDTO.swift; sourceTree = "<group>"; };
		D6A2B3062B0D329D00F23C69 /* ActivityModel.swift */ = {isa = PBXFileReference; lastKnownFileType = sourcecode.swift; path = ActivityModel.swift; sourceTree = "<group>"; };
		D6A2B3082B0D342B00F23C69 /* ActivityUIKitCoordinator.swift */ = {isa = PBXFileReference; lastKnownFileType = sourcecode.swift; path = ActivityUIKitCoordinator.swift; sourceTree = "<group>"; };
		D6A4AACD2B0F281B00F28DFB /* StackPositioning.swift */ = {isa = PBXFileReference; lastKnownFileType = sourcecode.swift; path = StackPositioning.swift; sourceTree = "<group>"; };
		D6A4AACF2B0F289D00F28DFB /* TopLeftBottomPositioning.swift */ = {isa = PBXFileReference; lastKnownFileType = sourcecode.swift; path = TopLeftBottomPositioning.swift; sourceTree = "<group>"; };
		D6A4AAE02B0F7EEC00F28DFB /* UIKitWidgetCoordinator.swift */ = {isa = PBXFileReference; lastKnownFileType = sourcecode.swift; path = UIKitWidgetCoordinator.swift; sourceTree = "<group>"; };
		D6B5F1972B04FBCE007D24C6 /* UIKitWidgetCoordinatorRegistry.swift */ = {isa = PBXFileReference; lastKnownFileType = sourcecode.swift; path = UIKitWidgetCoordinatorRegistry.swift; sourceTree = "<group>"; };
		D6B5F1992B04FD34007D24C6 /* StackViewUIKitCoordinator.swift */ = {isa = PBXFileReference; lastKnownFileType = sourcecode.swift; path = StackViewUIKitCoordinator.swift; sourceTree = "<group>"; };
		D6B5F19B2B04FD60007D24C6 /* LabelWidgetUIKitCoordinator.swift */ = {isa = PBXFileReference; lastKnownFileType = sourcecode.swift; path = LabelWidgetUIKitCoordinator.swift; sourceTree = "<group>"; };
		D6BF80652B0B85F600857EDA /* PerformActionIntentHandler.swift */ = {isa = PBXFileReference; lastKnownFileType = sourcecode.swift; path = PerformActionIntentHandler.swift; sourceTree = "<group>"; };
		D6BF806F2B0B8EF100857EDA /* InMemoryWidgetStorage.swift */ = {isa = PBXFileReference; lastKnownFileType = sourcecode.swift; path = InMemoryWidgetStorage.swift; sourceTree = "<group>"; };
		D6EC23382B0376AC0085E147 /* server-driven-ui.app */ = {isa = PBXFileReference; explicitFileType = wrapper.application; includeInIndex = 0; path = "server-driven-ui.app"; sourceTree = BUILT_PRODUCTS_DIR; };
		D6EC233B2B0376AC0085E147 /* AppDelegate.swift */ = {isa = PBXFileReference; lastKnownFileType = sourcecode.swift; path = AppDelegate.swift; sourceTree = "<group>"; };
		D6EC233D2B0376AC0085E147 /* SceneDelegate.swift */ = {isa = PBXFileReference; lastKnownFileType = sourcecode.swift; path = SceneDelegate.swift; sourceTree = "<group>"; };
		D6EC233F2B0376AC0085E147 /* ViewController.swift */ = {isa = PBXFileReference; lastKnownFileType = sourcecode.swift; path = ViewController.swift; sourceTree = "<group>"; };
		D6EC23422B0376AC0085E147 /* Base */ = {isa = PBXFileReference; lastKnownFileType = file.storyboard; name = Base; path = Base.lproj/Main.storyboard; sourceTree = "<group>"; };
		D6EC23442B0376AD0085E147 /* Assets.xcassets */ = {isa = PBXFileReference; lastKnownFileType = folder.assetcatalog; path = Assets.xcassets; sourceTree = "<group>"; };
		D6EC23472B0376AD0085E147 /* Base */ = {isa = PBXFileReference; lastKnownFileType = file.storyboard; name = Base; path = Base.lproj/LaunchScreen.storyboard; sourceTree = "<group>"; };
		D6EC23492B0376AD0085E147 /* Info.plist */ = {isa = PBXFileReference; lastKnownFileType = text.plist.xml; path = Info.plist; sourceTree = "<group>"; };
/* End PBXFileReference section */

/* Begin PBXFrameworksBuildPhase section */
		D61B18D62B06A8430012F694 /* Frameworks */ = {
			isa = PBXFrameworksBuildPhase;
			buildActionMask = 2147483647;
			files = (
			);
			runOnlyForDeploymentPostprocessing = 0;
		};
		D6EC23352B0376AC0085E147 /* Frameworks */ = {
			isa = PBXFrameworksBuildPhase;
			buildActionMask = 2147483647;
			files = (
			);
			runOnlyForDeploymentPostprocessing = 0;
		};
/* End PBXFrameworksBuildPhase section */

/* Begin PBXGroup section */
		D60ECF532B03788B00D9972F /* Composition */ = {
			isa = PBXGroup;
			children = (
				D6A2B2E82B0CF4D700F23C69 /* ScreenComposer.swift */,
				D6A2B2FC2B0D322600F23C69 /* Dummies.swift */,
				D6A2B2FA2B0D304700F23C69 /* CompositionHelpers.swift */,
				D6A2B2AD2B0CCE0700F23C69 /* Factories */,
				D6A2B2982B0CA1C900F23C69 /* Coordinators */,
			);
			path = Composition;
			sourceTree = "<group>";
		};
		D60ECF582B037DA600D9972F /* Presentation */ = {
			isa = PBXGroup;
			children = (
				D60ECF592B037DBA00D9972F /* WidgetRenderingPresenter.swift */,
				D61B18D32B06A2710012F694 /* WidgetRenderingViewModel.swift */,
			);
			path = Presentation;
			sourceTree = "<group>";
		};
		D61B18DA2B06A8430012F694 /* server-driven-uiTests */ = {
			isa = PBXGroup;
			children = (
				D61B18E22B06B0F70012F694 /* Helpers */,
				D61B18DB2B06A8430012F694 /* PresentationUITests.swift */,
			);
			path = "server-driven-uiTests";
			sourceTree = "<group>";
		};
		D61B18E22B06B0F70012F694 /* Helpers */ = {
			isa = PBXGroup;
			children = (
				D66739C92B0738BB00CE0259 /* DSL.swift */,
				D66739C72B0738A900CE0259 /* WidgetsModelStoreFake.swift */,
			);
			path = Helpers;
			sourceTree = "<group>";
		};
		D66454F12B0BC6F0006BC425 /* Domain */ = {
			isa = PBXGroup;
			children = (
				D66454F32B0BC6F0006BC425 /* Widget.swift */,
				D66454F42B0BC6F0006BC425 /* Action.swift */,
				D6A2B2EA2B0CFAE400F23C69 /* IntentHandler.swift */,
				D6A2B2CE2B0CDFB000F23C69 /* Intents */,
				D6A2B2A32B0CA86100F23C69 /* ActionData */,
			);
			path = Domain;
			sourceTree = "<group>";
		};
		D66454FA2B0BC719006BC425 /* Helpers */ = {
			isa = PBXGroup;
			children = (
				D66454FB2B0BC72B006BC425 /* AnyDecodable.swift */,
				D66455002B0BDD42006BC425 /* AnyEncodable.swift */,
				D6A2B2902B0C890400F23C69 /* AnyCodable.swift */,
				D6A2B2A92B0CAA3F00F23C69 /* SerializationHelpers.swift */,
			);
			path = Helpers;
			sourceTree = "<group>";
		};
		D66739CB2B07395400CE0259 /* SDUI */ = {
			isa = PBXGroup;
			children = (
				D66454F12B0BC6F0006BC425 /* Domain */,
				D6BF80642B0B85E500857EDA /* Use Cases */,
				D6A2B2892B0C845800F23C69 /* API */,
				D60ECF582B037DA600D9972F /* Presentation */,
				D66739DC2B073C2D00CE0259 /* UI */,
				D6BF806E2B0B8ED700857EDA /* Infrastructure */,
			);
			path = SDUI;
			sourceTree = "<group>";
		};
		D66739CC2B07397500CE0259 /* Stack */ = {
			isa = PBXGroup;
			children = (
				D66739CF2B07398A00CE0259 /* Domain */,
				D6A2B2B12B0CD79800F23C69 /* API */,
				D66739D12B07399800CE0259 /* UI */,
			);
			path = Stack;
			sourceTree = "<group>";
		};
		D66739CD2B07397F00CE0259 /* Label */ = {
			isa = PBXGroup;
			children = (
				D66739CE2B07398600CE0259 /* Domain */,
				D6A2B2B02B0CD79400F23C69 /* API */,
				D66739D02B07399400CE0259 /* UI */,
			);
			path = Label;
			sourceTree = "<group>";
		};
		D66739CE2B07398600CE0259 /* Domain */ = {
			isa = PBXGroup;
			children = (
				D66739D22B0739B100CE0259 /* LabelModel.swift */,
			);
			path = Domain;
			sourceTree = "<group>";
		};
		D66739CF2B07398A00CE0259 /* Domain */ = {
			isa = PBXGroup;
			children = (
				D66739D42B0739C500CE0259 /* StackModel.swift */,
				D6A4AACD2B0F281B00F28DFB /* StackPositioning.swift */,
			);
			path = Domain;
			sourceTree = "<group>";
		};
		D66739D02B07399400CE0259 /* UI */ = {
			isa = PBXGroup;
			children = (
				D66739D82B0739DF00CE0259 /* LabelView.swift */,
			);
			path = UI;
			sourceTree = "<group>";
		};
		D66739D12B07399800CE0259 /* UI */ = {
			isa = PBXGroup;
			children = (
				D66739D62B0739D400CE0259 /* StackView.swift */,
			);
			path = UI;
			sourceTree = "<group>";
		};
		D66739DC2B073C2D00CE0259 /* UI */ = {
			isa = PBXGroup;
			children = (
				D66739DE2B073C4400CE0259 /* RootWidget.swift */,
			);
			path = UI;
			sourceTree = "<group>";
		};
		D6A2B2892B0C845800F23C69 /* API */ = {
			isa = PBXGroup;
			children = (
				D6A2B28A2B0C848200F23C69 /* WidgetDTO.swift */,
				D6A2B28C2B0C84A200F23C69 /* ActionDTO.swift */,
				D6A2B28E2B0C84E000F23C69 /* WidgetDTOMapper.swift */,
				D6A2B29E2B0CA80600F23C69 /* ActionDataDTOs */,
			);
			path = API;
			sourceTree = "<group>";
		};
		D6A2B2982B0CA1C900F23C69 /* Coordinators */ = {
			isa = PBXGroup;
			children = (
				D6B5F1992B04FD34007D24C6 /* StackViewUIKitCoordinator.swift */,
				D6B5F19B2B04FD60007D24C6 /* LabelWidgetUIKitCoordinator.swift */,
				D6A2B2D32B0CE2C200F23C69 /* ButtonUIKitCoordinator.swift */,
				D6A2B2D52B0CE2D600F23C69 /* SwitchUIKitCoordinator.swift */,
				D6A2B2E12B0CEA3E00F23C69 /* TopLeftBottomUIKitCoordinator.swift */,
				D6A2B3082B0D342B00F23C69 /* ActivityUIKitCoordinator.swift */,
				D66739DA2B073C1600CE0259 /* RootWidgetCoordinator.swift */,
			);
			path = Coordinators;
			sourceTree = "<group>";
		};
		D6A2B29E2B0CA80600F23C69 /* ActionDataDTOs */ = {
			isa = PBXGroup;
			children = (
				D6A2B2F82B0D2E9E00F23C69 /* RefreshActionDTO.swift */,
				D6A2B29F2B0CA81600F23C69 /* LocalUpdateContentActionDTO.swift */,
				D6A2B2A12B0CA82B00F23C69 /* SubmitFormActionDTO.swift */,
				D6447DEC2B0DD75C0021BEBA /* PrintConsoleActionDTO.swift */,
			);
			path = ActionDataDTOs;
			sourceTree = "<group>";
		};
		D6A2B2A32B0CA86100F23C69 /* ActionData */ = {
			isa = PBXGroup;
			children = (
				D6A2B2A42B0CA87700F23C69 /* SubmitFormAction.swift */,
				D6A2B2A72B0CA8AC00F23C69 /* LocalUpdateContentAction.swift */,
				D6A2B2F62B0D2C2800F23C69 /* RefreshAction.swift */,
				D6447DEA2B0DD7440021BEBA /* PrintConsoleAction.swift */,
			);
			path = ActionData;
			sourceTree = "<group>";
		};
		D6A2B2AD2B0CCE0700F23C69 /* Factories */ = {
			isa = PBXGroup;
			children = (
				D6A2B2962B0CA19F00F23C69 /* ActionPerformersFactory.swift */,
				D6A2B2AE2B0CCE7900F23C69 /* UIKitCoordinatorsFactory.swift */,
			);
			path = Factories;
			sourceTree = "<group>";
		};
		D6A2B2B02B0CD79400F23C69 /* API */ = {
			isa = PBXGroup;
			children = (
				D6A2B2B22B0CD7B600F23C69 /* LabelDTO.swift */,
			);
			path = API;
			sourceTree = "<group>";
		};
		D6A2B2B12B0CD79800F23C69 /* API */ = {
			isa = PBXGroup;
			children = (
				D6A2B2B42B0CD7E800F23C69 /* StackDTO.swift */,
			);
			path = API;
			sourceTree = "<group>";
		};
		D6A2B2B72B0CDAF000F23C69 /* Button */ = {
			isa = PBXGroup;
			children = (
				D6A2B2B82B0CDB0D00F23C69 /* Domain */,
				D6A2B2BD2B0CDB4900F23C69 /* API */,
				D6A2B2BE2B0CDB4D00F23C69 /* UI */,
			);
			path = Button;
			sourceTree = "<group>";
		};
		D6A2B2B82B0CDB0D00F23C69 /* Domain */ = {
			isa = PBXGroup;
			children = (
				D6A2B2BF2B0CDB7100F23C69 /* ButtonModel.swift */,
			);
			path = Domain;
			sourceTree = "<group>";
		};
		D6A2B2B92B0CDB1500F23C69 /* Switch */ = {
			isa = PBXGroup;
			children = (
				D6A2B2BA2B0CDB2900F23C69 /* Domain */,
				D6A2B2EC2B0D047700F23C69 /* Use Cases */,
				D6A2B2BB2B0CDB2F00F23C69 /* API */,
				D6A2B2BC2B0CDB3600F23C69 /* UI */,
			);
			path = Switch;
			sourceTree = "<group>";
		};
		D6A2B2BA2B0CDB2900F23C69 /* Domain */ = {
			isa = PBXGroup;
			children = (
				D6A2B2C52B0CDBAB00F23C69 /* SwitchModel.swift */,
			);
			path = Domain;
			sourceTree = "<group>";
		};
		D6A2B2BB2B0CDB2F00F23C69 /* API */ = {
			isa = PBXGroup;
			children = (
				D6A2B2C72B0CDBB200F23C69 /* SwitchDTO.swift */,
			);
			path = API;
			sourceTree = "<group>";
		};
		D6A2B2BC2B0CDB3600F23C69 /* UI */ = {
			isa = PBXGroup;
			children = (
				D6A2B2C92B0CDBB900F23C69 /* SwitchWidget.swift */,
			);
			path = UI;
			sourceTree = "<group>";
		};
		D6A2B2BD2B0CDB4900F23C69 /* API */ = {
			isa = PBXGroup;
			children = (
				D6A2B2C12B0CDB8800F23C69 /* ButtonDTO.swift */,
			);
			path = API;
			sourceTree = "<group>";
		};
		D6A2B2BE2B0CDB4D00F23C69 /* UI */ = {
			isa = PBXGroup;
			children = (
				D6A2B2C32B0CDB9800F23C69 /* ButtonWidget.swift */,
			);
			path = UI;
			sourceTree = "<group>";
		};
		D6A2B2CE2B0CDFB000F23C69 /* Intents */ = {
			isa = PBXGroup;
			children = (
				D6A2B2CF2B0CDFC500F23C69 /* ButtonIntents.swift */,
				D6A2B2D12B0CDFCE00F23C69 /* SwitchIntents.swift */,
			);
			path = Intents;
			sourceTree = "<group>";
		};
		D6A2B2D72B0CE4D200F23C69 /* TopLeftBottom */ = {
			isa = PBXGroup;
			children = (
				D6A2B2D82B0CE4DF00F23C69 /* Domain */,
				D6A2B2E32B0CEF3600F23C69 /* Presentation */,
				D6A2B2D92B0CE4E700F23C69 /* API */,
				D6A2B2DA2B0CE4EB00F23C69 /* UI */,
			);
			path = TopLeftBottom;
			sourceTree = "<group>";
		};
		D6A2B2D82B0CE4DF00F23C69 /* Domain */ = {
			isa = PBXGroup;
			children = (
				D6A2B2DB2B0CE4FB00F23C69 /* TopLeftBottom.swift */,
				D6A4AACF2B0F289D00F28DFB /* TopLeftBottomPositioning.swift */,
			);
			path = Domain;
			sourceTree = "<group>";
		};
		D6A2B2D92B0CE4E700F23C69 /* API */ = {
			isa = PBXGroup;
			children = (
				D6A2B2DD2B0CE50400F23C69 /* TopLeftBottomDTO.swift */,
			);
			path = API;
			sourceTree = "<group>";
		};
		D6A2B2DA2B0CE4EB00F23C69 /* UI */ = {
			isa = PBXGroup;
			children = (
				D6A2B2DF2B0CE50D00F23C69 /* TopLeftBottomWidget.swift */,
			);
			path = UI;
			sourceTree = "<group>";
		};
		D6A2B2E32B0CEF3600F23C69 /* Presentation */ = {
			isa = PBXGroup;
			children = (
				D6A2B2E42B0CEF5E00F23C69 /* TopLeftBottomPresenter.swift */,
			);
			path = Presentation;
			sourceTree = "<group>";
		};
		D6A2B2EC2B0D047700F23C69 /* Use Cases */ = {
			isa = PBXGroup;
			children = (
				D6A2B2ED2B0D049100F23C69 /* SwitchStateUpdater.swift */,
			);
			path = "Use Cases";
			sourceTree = "<group>";
		};
		D6A2B2F12B0D256000F23C69 /* ActionPerformers */ = {
			isa = PBXGroup;
			children = (
				D6A2B2922B0C9DC700F23C69 /* SubmitFormActionPerformer.swift */,
				D6A2B2942B0C9ED000F23C69 /* LocalUpdateContentActionPerformer.swift */,
				D6A2B2EF2B0D14DD00F23C69 /* RefreshActionPerformer.swift */,
			);
			path = ActionPerformers;
			sourceTree = "<group>";
		};
		D6A2B2FE2B0D326200F23C69 /* Activity */ = {
			isa = PBXGroup;
			children = (
				D6A2B2FF2B0D327000F23C69 /* Domain */,
				D6A2B3002B0D327400F23C69 /* API */,
				D6A2B3012B0D327900F23C69 /* UI */,
			);
			path = Activity;
			sourceTree = "<group>";
		};
		D6A2B2FF2B0D327000F23C69 /* Domain */ = {
			isa = PBXGroup;
			children = (
				D6A2B3062B0D329D00F23C69 /* ActivityModel.swift */,
			);
			path = Domain;
			sourceTree = "<group>";
		};
		D6A2B3002B0D327400F23C69 /* API */ = {
			isa = PBXGroup;
			children = (
				D6A2B3042B0D329500F23C69 /* ActivityDTO.swift */,
			);
			path = API;
			sourceTree = "<group>";
		};
		D6A2B3012B0D327900F23C69 /* UI */ = {
			isa = PBXGroup;
			children = (
				D6A2B3022B0D328B00F23C69 /* ActivityWidget.swift */,
			);
			path = UI;
			sourceTree = "<group>";
		};
		D6BF80642B0B85E500857EDA /* Use Cases */ = {
			isa = PBXGroup;
			children = (
				D6BF80652B0B85F600857EDA /* PerformActionIntentHandler.swift */,
				D6A2B2F22B0D257D00F23C69 /* WidgetsContentInteractor.swift */,
				D6A2B2F12B0D256000F23C69 /* ActionPerformers */,
			);
			path = "Use Cases";
			sourceTree = "<group>";
		};
		D6BF806E2B0B8ED700857EDA /* Infrastructure */ = {
			isa = PBXGroup;
			children = (
				D6BF806F2B0B8EF100857EDA /* InMemoryWidgetStorage.swift */,
				D6B5F1972B04FBCE007D24C6 /* UIKitWidgetCoordinatorRegistry.swift */,
				D6A4AAE02B0F7EEC00F28DFB /* UIKitWidgetCoordinator.swift */,
			);
			path = Infrastructure;
			sourceTree = "<group>";
		};
		D6EC232F2B0376AC0085E147 = {
			isa = PBXGroup;
			children = (
				D6EC233A2B0376AC0085E147 /* server-driven-ui */,
				D61B18DA2B06A8430012F694 /* server-driven-uiTests */,
				D6EC23392B0376AC0085E147 /* Products */,
			);
			sourceTree = "<group>";
		};
		D6EC23392B0376AC0085E147 /* Products */ = {
			isa = PBXGroup;
			children = (
				D6EC23382B0376AC0085E147 /* server-driven-ui.app */,
				D61B18D92B06A8430012F694 /* server-driven-uiTests.xctest */,
			);
			name = Products;
			sourceTree = "<group>";
		};
		D6EC233A2B0376AC0085E147 /* server-driven-ui */ = {
			isa = PBXGroup;
			children = (
				D60ECF532B03788B00D9972F /* Composition */,
				D66739CB2B07395400CE0259 /* SDUI */,
				D66739CC2B07397500CE0259 /* Stack */,
				D66739CD2B07397F00CE0259 /* Label */,
				D6A2B2B72B0CDAF000F23C69 /* Button */,
				D6A2B2B92B0CDB1500F23C69 /* Switch */,
				D6A2B2FE2B0D326200F23C69 /* Activity */,
				D6A2B2D72B0CE4D200F23C69 /* TopLeftBottom */,
				D66454FA2B0BC719006BC425 /* Helpers */,
				D6EC233B2B0376AC0085E147 /* AppDelegate.swift */,
				D6EC233D2B0376AC0085E147 /* SceneDelegate.swift */,
				D6EC233F2B0376AC0085E147 /* ViewController.swift */,
				D66739C42B072F5B00CE0259 /* Helpers.swift */,
				D6EC23412B0376AC0085E147 /* Main.storyboard */,
				D6EC23442B0376AD0085E147 /* Assets.xcassets */,
				D6EC23462B0376AD0085E147 /* LaunchScreen.storyboard */,
				D6EC23492B0376AD0085E147 /* Info.plist */,
			);
			path = "server-driven-ui";
			sourceTree = "<group>";
		};
/* End PBXGroup section */

/* Begin PBXNativeTarget section */
		D61B18D82B06A8430012F694 /* server-driven-uiTests */ = {
			isa = PBXNativeTarget;
			buildConfigurationList = D61B18DF2B06A8440012F694 /* Build configuration list for PBXNativeTarget "server-driven-uiTests" */;
			buildPhases = (
				D61B18D52B06A8430012F694 /* Sources */,
				D61B18D62B06A8430012F694 /* Frameworks */,
				D61B18D72B06A8430012F694 /* Resources */,
			);
			buildRules = (
			);
			dependencies = (
				D61B18DE2B06A8430012F694 /* PBXTargetDependency */,
			);
			name = "server-driven-uiTests";
			productName = "server-driven-uiTests";
			productReference = D61B18D92B06A8430012F694 /* server-driven-uiTests.xctest */;
			productType = "com.apple.product-type.bundle.unit-test";
		};
		D6EC23372B0376AC0085E147 /* server-driven-ui */ = {
			isa = PBXNativeTarget;
			buildConfigurationList = D6EC234C2B0376AD0085E147 /* Build configuration list for PBXNativeTarget "server-driven-ui" */;
			buildPhases = (
				D6EC23342B0376AC0085E147 /* Sources */,
				D6EC23352B0376AC0085E147 /* Frameworks */,
				D6EC23362B0376AC0085E147 /* Resources */,
			);
			buildRules = (
			);
			dependencies = (
			);
			name = "server-driven-ui";
			productName = "server-driven-ui";
			productReference = D6EC23382B0376AC0085E147 /* server-driven-ui.app */;
			productType = "com.apple.product-type.application";
		};
/* End PBXNativeTarget section */

/* Begin PBXProject section */
		D6EC23302B0376AC0085E147 /* Project object */ = {
			isa = PBXProject;
			attributes = {
				BuildIndependentTargetsInParallel = 1;
				LastSwiftUpdateCheck = 1500;
				LastUpgradeCheck = 1500;
				TargetAttributes = {
					D61B18D82B06A8430012F694 = {
						CreatedOnToolsVersion = 15.0.1;
						TestTargetID = D6EC23372B0376AC0085E147;
					};
					D6EC23372B0376AC0085E147 = {
						CreatedOnToolsVersion = 15.0.1;
					};
				};
			};
			buildConfigurationList = D6EC23332B0376AC0085E147 /* Build configuration list for PBXProject "server-driven-ui" */;
			compatibilityVersion = "Xcode 14.0";
			developmentRegion = en;
			hasScannedForEncodings = 0;
			knownRegions = (
				en,
				Base,
			);
			mainGroup = D6EC232F2B0376AC0085E147;
			productRefGroup = D6EC23392B0376AC0085E147 /* Products */;
			projectDirPath = "";
			projectRoot = "";
			targets = (
				D6EC23372B0376AC0085E147 /* server-driven-ui */,
				D61B18D82B06A8430012F694 /* server-driven-uiTests */,
			);
		};
/* End PBXProject section */

/* Begin PBXResourcesBuildPhase section */
		D61B18D72B06A8430012F694 /* Resources */ = {
			isa = PBXResourcesBuildPhase;
			buildActionMask = 2147483647;
			files = (
			);
			runOnlyForDeploymentPostprocessing = 0;
		};
		D6EC23362B0376AC0085E147 /* Resources */ = {
			isa = PBXResourcesBuildPhase;
			buildActionMask = 2147483647;
			files = (
				D6EC23482B0376AD0085E147 /* LaunchScreen.storyboard in Resources */,
				D6EC23452B0376AD0085E147 /* Assets.xcassets in Resources */,
				D6EC23432B0376AC0085E147 /* Main.storyboard in Resources */,
			);
			runOnlyForDeploymentPostprocessing = 0;
		};
/* End PBXResourcesBuildPhase section */

/* Begin PBXSourcesBuildPhase section */
		D61B18D52B06A8430012F694 /* Sources */ = {
			isa = PBXSourcesBuildPhase;
			buildActionMask = 2147483647;
			files = (
				D66739CA2B0738BB00CE0259 /* DSL.swift in Sources */,
				D61B18DC2B06A8430012F694 /* PresentationUITests.swift in Sources */,
				D66739C82B0738A900CE0259 /* WidgetsModelStoreFake.swift in Sources */,
			);
			runOnlyForDeploymentPostprocessing = 0;
		};
		D6EC23342B0376AC0085E147 /* Sources */ = {
			isa = PBXSourcesBuildPhase;
			buildActionMask = 2147483647;
			files = (
				D6B5F1982B04FBCE007D24C6 /* UIKitWidgetCoordinatorRegistry.swift in Sources */,
				D60ECF5A2B037DBA00D9972F /* WidgetRenderingPresenter.swift in Sources */,
				D6A2B2AF2B0CCE7900F23C69 /* UIKitCoordinatorsFactory.swift in Sources */,
				D6A2B2952B0C9ED000F23C69 /* LocalUpdateContentActionPerformer.swift in Sources */,
				D6A2B2FD2B0D322600F23C69 /* Dummies.swift in Sources */,
				D6A2B2EB2B0CFAE400F23C69 /* IntentHandler.swift in Sources */,
				D6A2B2C82B0CDBB200F23C69 /* SwitchDTO.swift in Sources */,
				D6A2B2E52B0CEF5E00F23C69 /* TopLeftBottomPresenter.swift in Sources */,
				D6B5F19C2B04FD60007D24C6 /* LabelWidgetUIKitCoordinator.swift in Sources */,
				D6447DEB2B0DD7440021BEBA /* PrintConsoleAction.swift in Sources */,
				D6A2B2A02B0CA81600F23C69 /* LocalUpdateContentActionDTO.swift in Sources */,
				D6A2B2E02B0CE50D00F23C69 /* TopLeftBottomWidget.swift in Sources */,
				D6A2B2D62B0CE2D600F23C69 /* SwitchUIKitCoordinator.swift in Sources */,
				D6A2B28F2B0C84E000F23C69 /* WidgetDTOMapper.swift in Sources */,
				D6A2B2DE2B0CE50400F23C69 /* TopLeftBottomDTO.swift in Sources */,
				D66739DF2B073C4400CE0259 /* RootWidget.swift in Sources */,
				D6A2B2A52B0CA87700F23C69 /* SubmitFormAction.swift in Sources */,
				D6A2B3092B0D342B00F23C69 /* ActivityUIKitCoordinator.swift in Sources */,
				D6A2B2A22B0CA82B00F23C69 /* SubmitFormActionDTO.swift in Sources */,
				D6A2B2C02B0CDB7100F23C69 /* ButtonModel.swift in Sources */,
				D66454FC2B0BC72B006BC425 /* AnyDecodable.swift in Sources */,
				D66454F82B0BC6F0006BC425 /* Action.swift in Sources */,
				D6A2B28B2B0C848200F23C69 /* WidgetDTO.swift in Sources */,
				D6BF80662B0B85F600857EDA /* PerformActionIntentHandler.swift in Sources */,
				D6A2B2C62B0CDBAB00F23C69 /* SwitchModel.swift in Sources */,
				D66739C52B072F5B00CE0259 /* Helpers.swift in Sources */,
				D66455012B0BDD42006BC425 /* AnyEncodable.swift in Sources */,
				D66454F72B0BC6F0006BC425 /* Widget.swift in Sources */,
				D6A2B2A82B0CA8AC00F23C69 /* LocalUpdateContentAction.swift in Sources */,
				D6A2B2912B0C890400F23C69 /* AnyCodable.swift in Sources */,
				D6A2B2F32B0D257D00F23C69 /* WidgetsContentInteractor.swift in Sources */,
				D6EC23402B0376AC0085E147 /* ViewController.swift in Sources */,
				D6EC233C2B0376AC0085E147 /* AppDelegate.swift in Sources */,
				D66739D52B0739C500CE0259 /* StackModel.swift in Sources */,
				D6A2B2D02B0CDFC500F23C69 /* ButtonIntents.swift in Sources */,
				D6A2B2E22B0CEA3E00F23C69 /* TopLeftBottomUIKitCoordinator.swift in Sources */,
				D6A2B2F72B0D2C2800F23C69 /* RefreshAction.swift in Sources */,
				D6A2B2B52B0CD7E800F23C69 /* StackDTO.swift in Sources */,
				D6B5F19A2B04FD34007D24C6 /* StackViewUIKitCoordinator.swift in Sources */,
				D61B18D42B06A2710012F694 /* WidgetRenderingViewModel.swift in Sources */,
				D6A2B2C42B0CDB9800F23C69 /* ButtonWidget.swift in Sources */,
				D66739D92B0739DF00CE0259 /* LabelView.swift in Sources */,
				D66739D72B0739D400CE0259 /* StackView.swift in Sources */,
				D6A2B2CA2B0CDBB900F23C69 /* SwitchWidget.swift in Sources */,
				D6A4AACE2B0F281B00F28DFB /* StackPositioning.swift in Sources */,
				D6A2B2EE2B0D049100F23C69 /* SwitchStateUpdater.swift in Sources */,
				D6447DED2B0DD75C0021BEBA /* PrintConsoleActionDTO.swift in Sources */,
				D6EC233E2B0376AC0085E147 /* SceneDelegate.swift in Sources */,
				D6BF80702B0B8EF100857EDA /* InMemoryWidgetStorage.swift in Sources */,
				D6A2B2972B0CA19F00F23C69 /* ActionPerformersFactory.swift in Sources */,
				D6A2B2932B0C9DC700F23C69 /* SubmitFormActionPerformer.swift in Sources */,
				D6A2B3072B0D329D00F23C69 /* ActivityModel.swift in Sources */,
				D6A2B2DC2B0CE4FB00F23C69 /* TopLeftBottom.swift in Sources */,
				D6A2B2D22B0CDFCE00F23C69 /* SwitchIntents.swift in Sources */,
				D6A2B3032B0D328B00F23C69 /* ActivityWidget.swift in Sources */,
				D6A2B2AA2B0CAA3F00F23C69 /* SerializationHelpers.swift in Sources */,
				D6A2B2C22B0CDB8800F23C69 /* ButtonDTO.swift in Sources */,
				D66739D32B0739B100CE0259 /* LabelModel.swift in Sources */,
				D6A4AAE12B0F7EEC00F28DFB /* UIKitWidgetCoordinator.swift in Sources */,
				D6A2B2E92B0CF4D700F23C69 /* ScreenComposer.swift in Sources */,
				D6A2B3052B0D329500F23C69 /* ActivityDTO.swift in Sources */,
				D6A2B2D42B0CE2C200F23C69 /* ButtonUIKitCoordinator.swift in Sources */,
				D6A2B2FB2B0D304700F23C69 /* CompositionHelpers.swift in Sources */,
				D66739DB2B073C1700CE0259 /* RootWidgetCoordinator.swift in Sources */,
				D6A2B2F02B0D14DD00F23C69 /* RefreshActionPerformer.swift in Sources */,
				D6A2B2F92B0D2E9E00F23C69 /* RefreshActionDTO.swift in Sources */,
				D6A2B28D2B0C84A200F23C69 /* ActionDTO.swift in Sources */,
				D6A2B2B32B0CD7B600F23C69 /* LabelDTO.swift in Sources */,
				D6A4AAD02B0F289D00F28DFB /* TopLeftBottomPositioning.swift in Sources */,
			);
			runOnlyForDeploymentPostprocessing = 0;
		};
/* End PBXSourcesBuildPhase section */

/* Begin PBXTargetDependency section */
		D61B18DE2B06A8430012F694 /* PBXTargetDependency */ = {
			isa = PBXTargetDependency;
			target = D6EC23372B0376AC0085E147 /* server-driven-ui */;
			targetProxy = D61B18DD2B06A8430012F694 /* PBXContainerItemProxy */;
		};
/* End PBXTargetDependency section */

/* Begin PBXVariantGroup section */
		D6EC23412B0376AC0085E147 /* Main.storyboard */ = {
			isa = PBXVariantGroup;
			children = (
				D6EC23422B0376AC0085E147 /* Base */,
			);
			name = Main.storyboard;
			sourceTree = "<group>";
		};
		D6EC23462B0376AD0085E147 /* LaunchScreen.storyboard */ = {
			isa = PBXVariantGroup;
			children = (
				D6EC23472B0376AD0085E147 /* Base */,
			);
			name = LaunchScreen.storyboard;
			sourceTree = "<group>";
		};
/* End PBXVariantGroup section */

/* Begin XCBuildConfiguration section */
		D61B18E02B06A8440012F694 /* Debug */ = {
			isa = XCBuildConfiguration;
			buildSettings = {
				BUNDLE_LOADER = "$(TEST_HOST)";
				CODE_SIGN_STYLE = Automatic;
				CURRENT_PROJECT_VERSION = 1;
				GENERATE_INFOPLIST_FILE = YES;
				MARKETING_VERSION = 1.0;
				PRODUCT_BUNDLE_IDENTIFIER = "com.klyotskin.server-driven-uiTests";
				PRODUCT_NAME = "$(TARGET_NAME)";
				SWIFT_EMIT_LOC_STRINGS = NO;
				SWIFT_VERSION = 5.0;
				TARGETED_DEVICE_FAMILY = "1,2";
				TEST_HOST = "$(BUILT_PRODUCTS_DIR)/server-driven-ui.app/$(BUNDLE_EXECUTABLE_FOLDER_PATH)/server-driven-ui";
			};
			name = Debug;
		};
		D61B18E12B06A8440012F694 /* Release */ = {
			isa = XCBuildConfiguration;
			buildSettings = {
				BUNDLE_LOADER = "$(TEST_HOST)";
				CODE_SIGN_STYLE = Automatic;
				CURRENT_PROJECT_VERSION = 1;
				GENERATE_INFOPLIST_FILE = YES;
				MARKETING_VERSION = 1.0;
				PRODUCT_BUNDLE_IDENTIFIER = "com.klyotskin.server-driven-uiTests";
				PRODUCT_NAME = "$(TARGET_NAME)";
				SWIFT_EMIT_LOC_STRINGS = NO;
				SWIFT_VERSION = 5.0;
				TARGETED_DEVICE_FAMILY = "1,2";
				TEST_HOST = "$(BUILT_PRODUCTS_DIR)/server-driven-ui.app/$(BUNDLE_EXECUTABLE_FOLDER_PATH)/server-driven-ui";
			};
			name = Release;
		};
		D6EC234A2B0376AD0085E147 /* Debug */ = {
			isa = XCBuildConfiguration;
			buildSettings = {
				ALWAYS_SEARCH_USER_PATHS = NO;
				ASSETCATALOG_COMPILER_GENERATE_SWIFT_ASSET_SYMBOL_EXTENSIONS = YES;
				CLANG_ANALYZER_NONNULL = YES;
				CLANG_ANALYZER_NUMBER_OBJECT_CONVERSION = YES_AGGRESSIVE;
				CLANG_CXX_LANGUAGE_STANDARD = "gnu++20";
				CLANG_ENABLE_MODULES = YES;
				CLANG_ENABLE_OBJC_ARC = YES;
				CLANG_ENABLE_OBJC_WEAK = YES;
				CLANG_WARN_BLOCK_CAPTURE_AUTORELEASING = YES;
				CLANG_WARN_BOOL_CONVERSION = YES;
				CLANG_WARN_COMMA = YES;
				CLANG_WARN_CONSTANT_CONVERSION = YES;
				CLANG_WARN_DEPRECATED_OBJC_IMPLEMENTATIONS = YES;
				CLANG_WARN_DIRECT_OBJC_ISA_USAGE = YES_ERROR;
				CLANG_WARN_DOCUMENTATION_COMMENTS = YES;
				CLANG_WARN_EMPTY_BODY = YES;
				CLANG_WARN_ENUM_CONVERSION = YES;
				CLANG_WARN_INFINITE_RECURSION = YES;
				CLANG_WARN_INT_CONVERSION = YES;
				CLANG_WARN_NON_LITERAL_NULL_CONVERSION = YES;
				CLANG_WARN_OBJC_IMPLICIT_RETAIN_SELF = YES;
				CLANG_WARN_OBJC_LITERAL_CONVERSION = YES;
				CLANG_WARN_OBJC_ROOT_CLASS = YES_ERROR;
				CLANG_WARN_QUOTED_INCLUDE_IN_FRAMEWORK_HEADER = YES;
				CLANG_WARN_RANGE_LOOP_ANALYSIS = YES;
				CLANG_WARN_STRICT_PROTOTYPES = YES;
				CLANG_WARN_SUSPICIOUS_MOVE = YES;
				CLANG_WARN_UNGUARDED_AVAILABILITY = YES_AGGRESSIVE;
				CLANG_WARN_UNREACHABLE_CODE = YES;
				CLANG_WARN__DUPLICATE_METHOD_MATCH = YES;
				COPY_PHASE_STRIP = NO;
				DEBUG_INFORMATION_FORMAT = dwarf;
				ENABLE_STRICT_OBJC_MSGSEND = YES;
				ENABLE_TESTABILITY = YES;
				ENABLE_USER_SCRIPT_SANDBOXING = YES;
				GCC_C_LANGUAGE_STANDARD = gnu17;
				GCC_DYNAMIC_NO_PIC = NO;
				GCC_NO_COMMON_BLOCKS = YES;
				GCC_OPTIMIZATION_LEVEL = 0;
				GCC_PREPROCESSOR_DEFINITIONS = (
					"DEBUG=1",
					"$(inherited)",
				);
				GCC_WARN_64_TO_32_BIT_CONVERSION = YES;
				GCC_WARN_ABOUT_RETURN_TYPE = YES_ERROR;
				GCC_WARN_UNDECLARED_SELECTOR = YES;
				GCC_WARN_UNINITIALIZED_AUTOS = YES_AGGRESSIVE;
				GCC_WARN_UNUSED_FUNCTION = YES;
				GCC_WARN_UNUSED_VARIABLE = YES;
				IPHONEOS_DEPLOYMENT_TARGET = 17.0;
				LOCALIZATION_PREFERS_STRING_CATALOGS = YES;
				MTL_ENABLE_DEBUG_INFO = INCLUDE_SOURCE;
				MTL_FAST_MATH = YES;
				ONLY_ACTIVE_ARCH = YES;
				SDKROOT = iphoneos;
				SWIFT_ACTIVE_COMPILATION_CONDITIONS = "DEBUG $(inherited)";
				SWIFT_OPTIMIZATION_LEVEL = "-Onone";
			};
			name = Debug;
		};
		D6EC234B2B0376AD0085E147 /* Release */ = {
			isa = XCBuildConfiguration;
			buildSettings = {
				ALWAYS_SEARCH_USER_PATHS = NO;
				ASSETCATALOG_COMPILER_GENERATE_SWIFT_ASSET_SYMBOL_EXTENSIONS = YES;
				CLANG_ANALYZER_NONNULL = YES;
				CLANG_ANALYZER_NUMBER_OBJECT_CONVERSION = YES_AGGRESSIVE;
				CLANG_CXX_LANGUAGE_STANDARD = "gnu++20";
				CLANG_ENABLE_MODULES = YES;
				CLANG_ENABLE_OBJC_ARC = YES;
				CLANG_ENABLE_OBJC_WEAK = YES;
				CLANG_WARN_BLOCK_CAPTURE_AUTORELEASING = YES;
				CLANG_WARN_BOOL_CONVERSION = YES;
				CLANG_WARN_COMMA = YES;
				CLANG_WARN_CONSTANT_CONVERSION = YES;
				CLANG_WARN_DEPRECATED_OBJC_IMPLEMENTATIONS = YES;
				CLANG_WARN_DIRECT_OBJC_ISA_USAGE = YES_ERROR;
				CLANG_WARN_DOCUMENTATION_COMMENTS = YES;
				CLANG_WARN_EMPTY_BODY = YES;
				CLANG_WARN_ENUM_CONVERSION = YES;
				CLANG_WARN_INFINITE_RECURSION = YES;
				CLANG_WARN_INT_CONVERSION = YES;
				CLANG_WARN_NON_LITERAL_NULL_CONVERSION = YES;
				CLANG_WARN_OBJC_IMPLICIT_RETAIN_SELF = YES;
				CLANG_WARN_OBJC_LITERAL_CONVERSION = YES;
				CLANG_WARN_OBJC_ROOT_CLASS = YES_ERROR;
				CLANG_WARN_QUOTED_INCLUDE_IN_FRAMEWORK_HEADER = YES;
				CLANG_WARN_RANGE_LOOP_ANALYSIS = YES;
				CLANG_WARN_STRICT_PROTOTYPES = YES;
				CLANG_WARN_SUSPICIOUS_MOVE = YES;
				CLANG_WARN_UNGUARDED_AVAILABILITY = YES_AGGRESSIVE;
				CLANG_WARN_UNREACHABLE_CODE = YES;
				CLANG_WARN__DUPLICATE_METHOD_MATCH = YES;
				COPY_PHASE_STRIP = NO;
				DEBUG_INFORMATION_FORMAT = "dwarf-with-dsym";
				ENABLE_NS_ASSERTIONS = NO;
				ENABLE_STRICT_OBJC_MSGSEND = YES;
				ENABLE_USER_SCRIPT_SANDBOXING = YES;
				GCC_C_LANGUAGE_STANDARD = gnu17;
				GCC_NO_COMMON_BLOCKS = YES;
				GCC_WARN_64_TO_32_BIT_CONVERSION = YES;
				GCC_WARN_ABOUT_RETURN_TYPE = YES_ERROR;
				GCC_WARN_UNDECLARED_SELECTOR = YES;
				GCC_WARN_UNINITIALIZED_AUTOS = YES_AGGRESSIVE;
				GCC_WARN_UNUSED_FUNCTION = YES;
				GCC_WARN_UNUSED_VARIABLE = YES;
				IPHONEOS_DEPLOYMENT_TARGET = 17.0;
				LOCALIZATION_PREFERS_STRING_CATALOGS = YES;
				MTL_ENABLE_DEBUG_INFO = NO;
				MTL_FAST_MATH = YES;
				SDKROOT = iphoneos;
				SWIFT_COMPILATION_MODE = wholemodule;
				VALIDATE_PRODUCT = YES;
			};
			name = Release;
		};
		D6EC234D2B0376AD0085E147 /* Debug */ = {
			isa = XCBuildConfiguration;
			buildSettings = {
				ASSETCATALOG_COMPILER_APPICON_NAME = AppIcon;
				ASSETCATALOG_COMPILER_GLOBAL_ACCENT_COLOR_NAME = AccentColor;
				CODE_SIGN_STYLE = Automatic;
				CURRENT_PROJECT_VERSION = 1;
				GENERATE_INFOPLIST_FILE = YES;
				INFOPLIST_FILE = "server-driven-ui/Info.plist";
				INFOPLIST_KEY_UIApplicationSupportsIndirectInputEvents = YES;
				INFOPLIST_KEY_UILaunchStoryboardName = LaunchScreen;
				INFOPLIST_KEY_UIMainStoryboardFile = Main;
				INFOPLIST_KEY_UISupportedInterfaceOrientations_iPad = "UIInterfaceOrientationPortrait UIInterfaceOrientationPortraitUpsideDown UIInterfaceOrientationLandscapeLeft UIInterfaceOrientationLandscapeRight";
				INFOPLIST_KEY_UISupportedInterfaceOrientations_iPhone = "UIInterfaceOrientationPortrait UIInterfaceOrientationLandscapeLeft UIInterfaceOrientationLandscapeRight";
				LD_RUNPATH_SEARCH_PATHS = (
					"$(inherited)",
					"@executable_path/Frameworks",
				);
				MARKETING_VERSION = 1.0;
				PRODUCT_BUNDLE_IDENTIFIER = "com.klyotskin.server-driven-ui";
				PRODUCT_NAME = "$(TARGET_NAME)";
				SWIFT_EMIT_LOC_STRINGS = YES;
				SWIFT_VERSION = 5.0;
				TARGETED_DEVICE_FAMILY = "1,2";
			};
			name = Debug;
		};
		D6EC234E2B0376AD0085E147 /* Release */ = {
			isa = XCBuildConfiguration;
			buildSettings = {
				ASSETCATALOG_COMPILER_APPICON_NAME = AppIcon;
				ASSETCATALOG_COMPILER_GLOBAL_ACCENT_COLOR_NAME = AccentColor;
				CODE_SIGN_STYLE = Automatic;
				CURRENT_PROJECT_VERSION = 1;
				GENERATE_INFOPLIST_FILE = YES;
				INFOPLIST_FILE = "server-driven-ui/Info.plist";
				INFOPLIST_KEY_UIApplicationSupportsIndirectInputEvents = YES;
				INFOPLIST_KEY_UILaunchStoryboardName = LaunchScreen;
				INFOPLIST_KEY_UIMainStoryboardFile = Main;
				INFOPLIST_KEY_UISupportedInterfaceOrientations_iPad = "UIInterfaceOrientationPortrait UIInterfaceOrientationPortraitUpsideDown UIInterfaceOrientationLandscapeLeft UIInterfaceOrientationLandscapeRight";
				INFOPLIST_KEY_UISupportedInterfaceOrientations_iPhone = "UIInterfaceOrientationPortrait UIInterfaceOrientationLandscapeLeft UIInterfaceOrientationLandscapeRight";
				LD_RUNPATH_SEARCH_PATHS = (
					"$(inherited)",
					"@executable_path/Frameworks",
				);
				MARKETING_VERSION = 1.0;
				PRODUCT_BUNDLE_IDENTIFIER = "com.klyotskin.server-driven-ui";
				PRODUCT_NAME = "$(TARGET_NAME)";
				SWIFT_EMIT_LOC_STRINGS = YES;
				SWIFT_VERSION = 5.0;
				TARGETED_DEVICE_FAMILY = "1,2";
			};
			name = Release;
		};
/* End XCBuildConfiguration section */

/* Begin XCConfigurationList section */
		D61B18DF2B06A8440012F694 /* Build configuration list for PBXNativeTarget "server-driven-uiTests" */ = {
			isa = XCConfigurationList;
			buildConfigurations = (
				D61B18E02B06A8440012F694 /* Debug */,
				D61B18E12B06A8440012F694 /* Release */,
			);
			defaultConfigurationIsVisible = 0;
			defaultConfigurationName = Release;
		};
		D6EC23332B0376AC0085E147 /* Build configuration list for PBXProject "server-driven-ui" */ = {
			isa = XCConfigurationList;
			buildConfigurations = (
				D6EC234A2B0376AD0085E147 /* Debug */,
				D6EC234B2B0376AD0085E147 /* Release */,
			);
			defaultConfigurationIsVisible = 0;
			defaultConfigurationName = Release;
		};
		D6EC234C2B0376AD0085E147 /* Build configuration list for PBXNativeTarget "server-driven-ui" */ = {
			isa = XCConfigurationList;
			buildConfigurations = (
				D6EC234D2B0376AD0085E147 /* Debug */,
				D6EC234E2B0376AD0085E147 /* Release */,
			);
			defaultConfigurationIsVisible = 0;
			defaultConfigurationName = Release;
		};
/* End XCConfigurationList section */
	};
	rootObject = D6EC23302B0376AC0085E147 /* Project object */;
}
