// !$*UTF8*$!
{
	archiveVersion = 1;
	classes = {
	};
	objectVersion = 56;
	objects = {

/* Begin PBXBuildFile section */
		F7B5528A2A0E822D00542F45 /* Builders.swift in Sources */ = {isa = PBXBuildFile; fileRef = F7B552892A0E822D00542F45 /* Builders.swift */; };
		F7B552902A0EABC500542F45 /* Cancellables.swift in Sources */ = {isa = PBXBuildFile; fileRef = F7B5528F2A0EABC500542F45 /* Cancellables.swift */; };
		F7B552922A0F3A0500542F45 /* WeakProxy.swift in Sources */ = {isa = PBXBuildFile; fileRef = F7B552912A0F3A0500542F45 /* WeakProxy.swift */; };
		F7B552972A0F3D7900542F45 /* Analytics.swift in Sources */ = {isa = PBXBuildFile; fileRef = F7B552962A0F3D7900542F45 /* Analytics.swift */; };
		F7B552992A0F3D8100542F45 /* Logging.swift in Sources */ = {isa = PBXBuildFile; fileRef = F7B552982A0F3D8100542F45 /* Logging.swift */; };
		F7B5529B2A0F3D9400542F45 /* Authentication.swift in Sources */ = {isa = PBXBuildFile; fileRef = F7B5529A2A0F3D9400542F45 /* Authentication.swift */; };
		F7DA06DC2A0BCA4F00BD13D2 /* InMemoryStorage.swift in Sources */ = {isa = PBXBuildFile; fileRef = F7DA06DB2A0BCA4F00BD13D2 /* InMemoryStorage.swift */; };
		F7DA06DE2A0BCB1000BD13D2 /* CacheUseCase.swift in Sources */ = {isa = PBXBuildFile; fileRef = F7DA06DD2A0BCB1000BD13D2 /* CacheUseCase.swift */; };
		F7DA06EE2A0BD60E00BD13D2 /* URLSessionHTTPClient.swift in Sources */ = {isa = PBXBuildFile; fileRef = F7DA06ED2A0BD60E00BD13D2 /* URLSessionHTTPClient.swift */; };
		F7DA06F42A0BD84E00BD13D2 /* DTOMapper.swift in Sources */ = {isa = PBXBuildFile; fileRef = F7DA06F32A0BD84E00BD13D2 /* DTOMapper.swift */; };
		F7DA06F62A0BDCA700BD13D2 /* LocalStorage.swift in Sources */ = {isa = PBXBuildFile; fileRef = F7DA06F52A0BDCA700BD13D2 /* LocalStorage.swift */; };
		F7DA06F82A0BDCE700BD13D2 /* ModelOne.swift in Sources */ = {isa = PBXBuildFile; fileRef = F7DA06F72A0BDCE700BD13D2 /* ModelOne.swift */; };
		F7DA06FA2A0BDCF500BD13D2 /* DTOOne.swift in Sources */ = {isa = PBXBuildFile; fileRef = F7DA06F92A0BDCF500BD13D2 /* DTOOne.swift */; };
		F7DA06FC2A0BDCFE00BD13D2 /* LocalOne.swift in Sources */ = {isa = PBXBuildFile; fileRef = F7DA06FB2A0BDCFE00BD13D2 /* LocalOne.swift */; };
		F7DA06FE2A0BDD7600BD13D2 /* DTOOneMapper.swift in Sources */ = {isa = PBXBuildFile; fileRef = F7DA06FD2A0BDD7600BD13D2 /* DTOOneMapper.swift */; };
		F7DA07002A0BDD8700BD13D2 /* LocalOneMapper.swift in Sources */ = {isa = PBXBuildFile; fileRef = F7DA06FF2A0BDD8700BD13D2 /* LocalOneMapper.swift */; };
		F7DA07022A0BDE9C00BD13D2 /* Feature One Composition.swift in Sources */ = {isa = PBXBuildFile; fileRef = F7DA07012A0BDE9C00BD13D2 /* Feature One Composition.swift */; };
		F7DA07052A0BE2E800BD13D2 /* LoadingResourcePresenter.swift in Sources */ = {isa = PBXBuildFile; fileRef = F7DA07042A0BE2E800BD13D2 /* LoadingResourcePresenter.swift */; };
		F7DA07072A0BE4A900BD13D2 /* LoadingResourcePresenterViews.swift in Sources */ = {isa = PBXBuildFile; fileRef = F7DA07062A0BE4A900BD13D2 /* LoadingResourcePresenterViews.swift */; };
		F7DA07102A0BE6E800BD13D2 /* ViewModelOne.swift in Sources */ = {isa = PBXBuildFile; fileRef = F7DA070F2A0BE6E800BD13D2 /* ViewModelOne.swift */; };
		F7DA07122A0BE6F200BD13D2 /* ViewModelOneMapper.swift in Sources */ = {isa = PBXBuildFile; fileRef = F7DA07112A0BE6F200BD13D2 /* ViewModelOneMapper.swift */; };
		F7DA071A2A0BE87C00BD13D2 /* FeatureOneView.swift in Sources */ = {isa = PBXBuildFile; fileRef = F7DA07192A0BE87C00BD13D2 /* FeatureOneView.swift */; };
		F7DA071C2A0BE8B400BD13D2 /* ContainerView.swift in Sources */ = {isa = PBXBuildFile; fileRef = F7DA071B2A0BE8B400BD13D2 /* ContainerView.swift */; };
		F7DA07212A0BF3A700BD13D2 /* ViewAdapter.swift in Sources */ = {isa = PBXBuildFile; fileRef = F7DA07202A0BF3A700BD13D2 /* ViewAdapter.swift */; };
		F7DA07232A0BF3EA00BD13D2 /* Dispatching.swift in Sources */ = {isa = PBXBuildFile; fileRef = F7DA07222A0BF3EA00BD13D2 /* Dispatching.swift */; };
		F7DA07252A0BFAC800BD13D2 /* Feature Two Composition.swift in Sources */ = {isa = PBXBuildFile; fileRef = F7DA07242A0BFAC800BD13D2 /* Feature Two Composition.swift */; };
		F7DA07272A0BFCD300BD13D2 /* FeatureTwoView.swift in Sources */ = {isa = PBXBuildFile; fileRef = F7DA07262A0BFCD300BD13D2 /* FeatureTwoView.swift */; };
		F7DA07292A0BFD0100BD13D2 /* ViewModelTwo.swift in Sources */ = {isa = PBXBuildFile; fileRef = F7DA07282A0BFD0100BD13D2 /* ViewModelTwo.swift */; };
		F7DA072B2A0BFD4C00BD13D2 /* ViewModelTwoMapper.swift in Sources */ = {isa = PBXBuildFile; fileRef = F7DA072A2A0BFD4C00BD13D2 /* ViewModelTwoMapper.swift */; };
		F7DA072D2A0BFD7600BD13D2 /* LocalTwo.swift in Sources */ = {isa = PBXBuildFile; fileRef = F7DA072C2A0BFD7600BD13D2 /* LocalTwo.swift */; };
		F7DA072F2A0BFDAD00BD13D2 /* LocalTwoMapper.swift in Sources */ = {isa = PBXBuildFile; fileRef = F7DA072E2A0BFDAD00BD13D2 /* LocalTwoMapper.swift */; };
		F7DA07312A0BFE0B00BD13D2 /* DTOTwo.swift in Sources */ = {isa = PBXBuildFile; fileRef = F7DA07302A0BFE0B00BD13D2 /* DTOTwo.swift */; };
		F7DA07332A0BFE1400BD13D2 /* DTOTwoMapper.swift in Sources */ = {isa = PBXBuildFile; fileRef = F7DA07322A0BFE1400BD13D2 /* DTOTwoMapper.swift */; };
		F7DA07352A0BFE2100BD13D2 /* ModelTwo.swift in Sources */ = {isa = PBXBuildFile; fileRef = F7DA07342A0BFE2100BD13D2 /* ModelTwo.swift */; };
		F7DA073B2A0C02B800BD13D2 /* Main.swift in Sources */ = {isa = PBXBuildFile; fileRef = F7DA073A2A0C02B800BD13D2 /* Main.swift */; };
		F7DA073D2A0C057300BD13D2 /* DefaultCacheValidationPolicy.swift in Sources */ = {isa = PBXBuildFile; fileRef = F7DA073C2A0C057300BD13D2 /* DefaultCacheValidationPolicy.swift */; };
		F7DA073F2A0C159F00BD13D2 /* LoaderHelpers.swift in Sources */ = {isa = PBXBuildFile; fileRef = F7DA073E2A0C159F00BD13D2 /* LoaderHelpers.swift */; };
		F7DA07412A0C18A800BD13D2 /* EndpointOne.swift in Sources */ = {isa = PBXBuildFile; fileRef = F7DA07402A0C18A800BD13D2 /* EndpointOne.swift */; };
		F7DA07432A0C18EB00BD13D2 /* Endpoint.swift in Sources */ = {isa = PBXBuildFile; fileRef = F7DA07422A0C18EB00BD13D2 /* Endpoint.swift */; };
		F7DA07452A0C1B6000BD13D2 /* EndpointTwo.swift in Sources */ = {isa = PBXBuildFile; fileRef = F7DA07442A0C1B6000BD13D2 /* EndpointTwo.swift */; };
/* End PBXBuildFile section */

/* Begin PBXFileReference section */
		F7B552812A0E0AF800542F45 /* arch.framework */ = {isa = PBXFileReference; explicitFileType = wrapper.framework; includeInIndex = 0; path = arch.framework; sourceTree = BUILT_PRODUCTS_DIR; };
		F7B552892A0E822D00542F45 /* Builders.swift */ = {isa = PBXFileReference; lastKnownFileType = sourcecode.swift; path = Builders.swift; sourceTree = "<group>"; };
		F7B5528F2A0EABC500542F45 /* Cancellables.swift */ = {isa = PBXFileReference; lastKnownFileType = sourcecode.swift; path = Cancellables.swift; sourceTree = "<group>"; };
		F7B552912A0F3A0500542F45 /* WeakProxy.swift */ = {isa = PBXFileReference; lastKnownFileType = sourcecode.swift; path = WeakProxy.swift; sourceTree = "<group>"; };
		F7B552962A0F3D7900542F45 /* Analytics.swift */ = {isa = PBXFileReference; lastKnownFileType = sourcecode.swift; path = Analytics.swift; sourceTree = "<group>"; };
		F7B552982A0F3D8100542F45 /* Logging.swift */ = {isa = PBXFileReference; lastKnownFileType = sourcecode.swift; path = Logging.swift; sourceTree = "<group>"; };
		F7B5529A2A0F3D9400542F45 /* Authentication.swift */ = {isa = PBXFileReference; lastKnownFileType = sourcecode.swift; path = Authentication.swift; sourceTree = "<group>"; };
		F7DA06DB2A0BCA4F00BD13D2 /* InMemoryStorage.swift */ = {isa = PBXFileReference; lastKnownFileType = sourcecode.swift; path = InMemoryStorage.swift; sourceTree = "<group>"; };
		F7DA06DD2A0BCB1000BD13D2 /* CacheUseCase.swift */ = {isa = PBXFileReference; lastKnownFileType = sourcecode.swift; path = CacheUseCase.swift; sourceTree = "<group>"; };
		F7DA06ED2A0BD60E00BD13D2 /* URLSessionHTTPClient.swift */ = {isa = PBXFileReference; lastKnownFileType = sourcecode.swift; path = URLSessionHTTPClient.swift; sourceTree = "<group>"; };
		F7DA06F32A0BD84E00BD13D2 /* DTOMapper.swift */ = {isa = PBXFileReference; lastKnownFileType = sourcecode.swift; path = DTOMapper.swift; sourceTree = "<group>"; };
		F7DA06F52A0BDCA700BD13D2 /* LocalStorage.swift */ = {isa = PBXFileReference; lastKnownFileType = sourcecode.swift; path = LocalStorage.swift; sourceTree = "<group>"; };
		F7DA06F72A0BDCE700BD13D2 /* ModelOne.swift */ = {isa = PBXFileReference; lastKnownFileType = sourcecode.swift; path = ModelOne.swift; sourceTree = "<group>"; };
		F7DA06F92A0BDCF500BD13D2 /* DTOOne.swift */ = {isa = PBXFileReference; lastKnownFileType = sourcecode.swift; path = DTOOne.swift; sourceTree = "<group>"; };
		F7DA06FB2A0BDCFE00BD13D2 /* LocalOne.swift */ = {isa = PBXFileReference; lastKnownFileType = sourcecode.swift; path = LocalOne.swift; sourceTree = "<group>"; };
		F7DA06FD2A0BDD7600BD13D2 /* DTOOneMapper.swift */ = {isa = PBXFileReference; lastKnownFileType = sourcecode.swift; path = DTOOneMapper.swift; sourceTree = "<group>"; };
		F7DA06FF2A0BDD8700BD13D2 /* LocalOneMapper.swift */ = {isa = PBXFileReference; lastKnownFileType = sourcecode.swift; path = LocalOneMapper.swift; sourceTree = "<group>"; };
		F7DA07012A0BDE9C00BD13D2 /* Feature One Composition.swift */ = {isa = PBXFileReference; lastKnownFileType = sourcecode.swift; path = "Feature One Composition.swift"; sourceTree = "<group>"; };
		F7DA07042A0BE2E800BD13D2 /* LoadingResourcePresenter.swift */ = {isa = PBXFileReference; lastKnownFileType = sourcecode.swift; path = LoadingResourcePresenter.swift; sourceTree = "<group>"; };
		F7DA07062A0BE4A900BD13D2 /* LoadingResourcePresenterViews.swift */ = {isa = PBXFileReference; lastKnownFileType = sourcecode.swift; path = LoadingResourcePresenterViews.swift; sourceTree = "<group>"; };
		F7DA070F2A0BE6E800BD13D2 /* ViewModelOne.swift */ = {isa = PBXFileReference; lastKnownFileType = sourcecode.swift; path = ViewModelOne.swift; sourceTree = "<group>"; };
		F7DA07112A0BE6F200BD13D2 /* ViewModelOneMapper.swift */ = {isa = PBXFileReference; lastKnownFileType = sourcecode.swift; path = ViewModelOneMapper.swift; sourceTree = "<group>"; };
		F7DA07192A0BE87C00BD13D2 /* FeatureOneView.swift */ = {isa = PBXFileReference; lastKnownFileType = sourcecode.swift; path = FeatureOneView.swift; sourceTree = "<group>"; };
		F7DA071B2A0BE8B400BD13D2 /* ContainerView.swift */ = {isa = PBXFileReference; lastKnownFileType = sourcecode.swift; path = ContainerView.swift; sourceTree = "<group>"; };
		F7DA07202A0BF3A700BD13D2 /* ViewAdapter.swift */ = {isa = PBXFileReference; lastKnownFileType = sourcecode.swift; path = ViewAdapter.swift; sourceTree = "<group>"; };
		F7DA07222A0BF3EA00BD13D2 /* Dispatching.swift */ = {isa = PBXFileReference; lastKnownFileType = sourcecode.swift; path = Dispatching.swift; sourceTree = "<group>"; };
		F7DA07242A0BFAC800BD13D2 /* Feature Two Composition.swift */ = {isa = PBXFileReference; lastKnownFileType = sourcecode.swift; path = "Feature Two Composition.swift"; sourceTree = "<group>"; };
		F7DA07262A0BFCD300BD13D2 /* FeatureTwoView.swift */ = {isa = PBXFileReference; lastKnownFileType = sourcecode.swift; path = FeatureTwoView.swift; sourceTree = "<group>"; };
		F7DA07282A0BFD0100BD13D2 /* ViewModelTwo.swift */ = {isa = PBXFileReference; lastKnownFileType = sourcecode.swift; path = ViewModelTwo.swift; sourceTree = "<group>"; };
		F7DA072A2A0BFD4C00BD13D2 /* ViewModelTwoMapper.swift */ = {isa = PBXFileReference; lastKnownFileType = sourcecode.swift; path = ViewModelTwoMapper.swift; sourceTree = "<group>"; };
		F7DA072C2A0BFD7600BD13D2 /* LocalTwo.swift */ = {isa = PBXFileReference; lastKnownFileType = sourcecode.swift; path = LocalTwo.swift; sourceTree = "<group>"; };
		F7DA072E2A0BFDAD00BD13D2 /* LocalTwoMapper.swift */ = {isa = PBXFileReference; lastKnownFileType = sourcecode.swift; path = LocalTwoMapper.swift; sourceTree = "<group>"; };
		F7DA07302A0BFE0B00BD13D2 /* DTOTwo.swift */ = {isa = PBXFileReference; lastKnownFileType = sourcecode.swift; path = DTOTwo.swift; sourceTree = "<group>"; };
		F7DA07322A0BFE1400BD13D2 /* DTOTwoMapper.swift */ = {isa = PBXFileReference; lastKnownFileType = sourcecode.swift; path = DTOTwoMapper.swift; sourceTree = "<group>"; };
		F7DA07342A0BFE2100BD13D2 /* ModelTwo.swift */ = {isa = PBXFileReference; lastKnownFileType = sourcecode.swift; path = ModelTwo.swift; sourceTree = "<group>"; };
		F7DA073A2A0C02B800BD13D2 /* Main.swift */ = {isa = PBXFileReference; lastKnownFileType = sourcecode.swift; path = Main.swift; sourceTree = "<group>"; };
		F7DA073C2A0C057300BD13D2 /* DefaultCacheValidationPolicy.swift */ = {isa = PBXFileReference; lastKnownFileType = sourcecode.swift; path = DefaultCacheValidationPolicy.swift; sourceTree = "<group>"; };
		F7DA073E2A0C159F00BD13D2 /* LoaderHelpers.swift */ = {isa = PBXFileReference; lastKnownFileType = sourcecode.swift; path = LoaderHelpers.swift; sourceTree = "<group>"; };
		F7DA07402A0C18A800BD13D2 /* EndpointOne.swift */ = {isa = PBXFileReference; lastKnownFileType = sourcecode.swift; path = EndpointOne.swift; sourceTree = "<group>"; };
		F7DA07422A0C18EB00BD13D2 /* Endpoint.swift */ = {isa = PBXFileReference; lastKnownFileType = sourcecode.swift; path = Endpoint.swift; sourceTree = "<group>"; };
		F7DA07442A0C1B6000BD13D2 /* EndpointTwo.swift */ = {isa = PBXFileReference; lastKnownFileType = sourcecode.swift; path = EndpointTwo.swift; sourceTree = "<group>"; };
/* End PBXFileReference section */

/* Begin PBXFrameworksBuildPhase section */
		F7DA06CA2A0BC41C00BD13D2 /* Frameworks */ = {
			isa = PBXFrameworksBuildPhase;
			buildActionMask = 2147483647;
			files = (
			);
			runOnlyForDeploymentPostprocessing = 0;
		};
/* End PBXFrameworksBuildPhase section */

/* Begin PBXGroup section */
		F7B552932A0F3D3000542F45 /* Shared Analytics */ = {
			isa = PBXGroup;
			children = (
				F7B552962A0F3D7900542F45 /* Analytics.swift */,
			);
			path = "Shared Analytics";
			sourceTree = "<group>";
		};
		F7B552942A0F3D3A00542F45 /* Shared Logging */ = {
			isa = PBXGroup;
			children = (
				F7B552982A0F3D8100542F45 /* Logging.swift */,
			);
			path = "Shared Logging";
			sourceTree = "<group>";
		};
		F7B552952A0F3D5300542F45 /* Shared Authentication */ = {
			isa = PBXGroup;
			children = (
				F7B5529A2A0F3D9400542F45 /* Authentication.swift */,
			);
			path = "Shared Authentication";
			sourceTree = "<group>";
		};
		F7DA06C32A0BC41C00BD13D2 = {
			isa = PBXGroup;
			children = (
				F7DA06CF2A0BC41C00BD13D2 /* arch */,
				F7B552812A0E0AF800542F45 /* arch.framework */,
			);
			sourceTree = "<group>";
		};
		F7DA06CF2A0BC41C00BD13D2 /* arch */ = {
			isa = PBXGroup;
			children = (
				F7DA06E12A0BD18300BD13D2 /* Composition Root */,
				F7DA06E32A0BD1A200BD13D2 /* Feature Two */,
				F7DA06E22A0BD19B00BD13D2 /* Feature One */,
				F7DA07082A0BE56100BD13D2 /* Shared UI */,
				F7DA07032A0BE10F00BD13D2 /* Shared Presentation */,
				F7DA06DA2A0BCA3200BD13D2 /* Shared Cache */,
				F7DA06E42A0BD1B300BD13D2 /* Shared API */,
				F7B552942A0F3D3A00542F45 /* Shared Logging */,
				F7B552932A0F3D3000542F45 /* Shared Analytics */,
				F7B552952A0F3D5300542F45 /* Shared Authentication */,
			);
			path = arch;
			sourceTree = "<group>";
		};
		F7DA06DA2A0BCA3200BD13D2 /* Shared Cache */ = {
			isa = PBXGroup;
			children = (
				F7DA06DD2A0BCB1000BD13D2 /* CacheUseCase.swift */,
				F7DA06DB2A0BCA4F00BD13D2 /* InMemoryStorage.swift */,
				F7DA06F52A0BDCA700BD13D2 /* LocalStorage.swift */,
				F7DA073C2A0C057300BD13D2 /* DefaultCacheValidationPolicy.swift */,
			);
			path = "Shared Cache";
			sourceTree = "<group>";
		};
		F7DA06E12A0BD18300BD13D2 /* Composition Root */ = {
			isa = PBXGroup;
			children = (
				F7DA073A2A0C02B800BD13D2 /* Main.swift */,
				F7DA071F2A0BF16900BD13D2 /* Shared Composition */,
				F7DA071E2A0BF15F00BD13D2 /* Feature Two */,
				F7DA071D2A0BF15800BD13D2 /* Feature One */,
			);
			path = "Composition Root";
			sourceTree = "<group>";
		};
		F7DA06E22A0BD19B00BD13D2 /* Feature One */ = {
			isa = PBXGroup;
			children = (
				F7DA07172A0BE85D00BD13D2 /* UI */,
				F7DA070D2A0BE6C800BD13D2 /* Presentation */,
				F7DA06EA2A0BD20E00BD13D2 /* Cache */,
				F7DA06E92A0BD20A00BD13D2 /* API */,
				F7DA06E82A0BD20300BD13D2 /* Domain */,
			);
			path = "Feature One";
			sourceTree = "<group>";
		};
		F7DA06E32A0BD1A200BD13D2 /* Feature Two */ = {
			isa = PBXGroup;
			children = (
				F7DA07182A0BE86500BD13D2 /* UI */,
				F7DA070E2A0BE6D000BD13D2 /* Presentation */,
				F7DA06E72A0BD1FE00BD13D2 /* Cache */,
				F7DA06E62A0BD1FA00BD13D2 /* API */,
				F7DA06E52A0BD1F400BD13D2 /* Domain */,
			);
			path = "Feature Two";
			sourceTree = "<group>";
		};
		F7DA06E42A0BD1B300BD13D2 /* Shared API */ = {
			isa = PBXGroup;
			children = (
				F7DA06F32A0BD84E00BD13D2 /* DTOMapper.swift */,
				F7DA06ED2A0BD60E00BD13D2 /* URLSessionHTTPClient.swift */,
				F7DA07422A0C18EB00BD13D2 /* Endpoint.swift */,
			);
			path = "Shared API";
			sourceTree = "<group>";
		};
		F7DA06E52A0BD1F400BD13D2 /* Domain */ = {
			isa = PBXGroup;
			children = (
				F7DA07342A0BFE2100BD13D2 /* ModelTwo.swift */,
			);
			path = Domain;
			sourceTree = "<group>";
		};
		F7DA06E62A0BD1FA00BD13D2 /* API */ = {
			isa = PBXGroup;
			children = (
				F7DA07302A0BFE0B00BD13D2 /* DTOTwo.swift */,
				F7DA07322A0BFE1400BD13D2 /* DTOTwoMapper.swift */,
				F7DA07442A0C1B6000BD13D2 /* EndpointTwo.swift */,
			);
			path = API;
			sourceTree = "<group>";
		};
		F7DA06E72A0BD1FE00BD13D2 /* Cache */ = {
			isa = PBXGroup;
			children = (
				F7DA072C2A0BFD7600BD13D2 /* LocalTwo.swift */,
				F7DA072E2A0BFDAD00BD13D2 /* LocalTwoMapper.swift */,
			);
			path = Cache;
			sourceTree = "<group>";
		};
		F7DA06E82A0BD20300BD13D2 /* Domain */ = {
			isa = PBXGroup;
			children = (
				F7DA06F72A0BDCE700BD13D2 /* ModelOne.swift */,
			);
			path = Domain;
			sourceTree = "<group>";
		};
		F7DA06E92A0BD20A00BD13D2 /* API */ = {
			isa = PBXGroup;
			children = (
				F7DA06F92A0BDCF500BD13D2 /* DTOOne.swift */,
				F7DA06FD2A0BDD7600BD13D2 /* DTOOneMapper.swift */,
				F7DA07402A0C18A800BD13D2 /* EndpointOne.swift */,
			);
			path = API;
			sourceTree = "<group>";
		};
		F7DA06EA2A0BD20E00BD13D2 /* Cache */ = {
			isa = PBXGroup;
			children = (
				F7DA06FB2A0BDCFE00BD13D2 /* LocalOne.swift */,
				F7DA06FF2A0BDD8700BD13D2 /* LocalOneMapper.swift */,
			);
			path = Cache;
			sourceTree = "<group>";
		};
		F7DA07032A0BE10F00BD13D2 /* Shared Presentation */ = {
			isa = PBXGroup;
			children = (
				F7DA07042A0BE2E800BD13D2 /* LoadingResourcePresenter.swift */,
				F7DA07062A0BE4A900BD13D2 /* LoadingResourcePresenterViews.swift */,
			);
			path = "Shared Presentation";
			sourceTree = "<group>";
		};
		F7DA07082A0BE56100BD13D2 /* Shared UI */ = {
			isa = PBXGroup;
			children = (
				F7DA071B2A0BE8B400BD13D2 /* ContainerView.swift */,
			);
			path = "Shared UI";
			sourceTree = "<group>";
		};
		F7DA070D2A0BE6C800BD13D2 /* Presentation */ = {
			isa = PBXGroup;
			children = (
				F7DA070F2A0BE6E800BD13D2 /* ViewModelOne.swift */,
				F7DA07112A0BE6F200BD13D2 /* ViewModelOneMapper.swift */,
			);
			path = Presentation;
			sourceTree = "<group>";
		};
		F7DA070E2A0BE6D000BD13D2 /* Presentation */ = {
			isa = PBXGroup;
			children = (
				F7DA07282A0BFD0100BD13D2 /* ViewModelTwo.swift */,
				F7DA072A2A0BFD4C00BD13D2 /* ViewModelTwoMapper.swift */,
			);
			path = Presentation;
			sourceTree = "<group>";
		};
		F7DA07172A0BE85D00BD13D2 /* UI */ = {
			isa = PBXGroup;
			children = (
				F7DA07192A0BE87C00BD13D2 /* FeatureOneView.swift */,
			);
			path = UI;
			sourceTree = "<group>";
		};
		F7DA07182A0BE86500BD13D2 /* UI */ = {
			isa = PBXGroup;
			children = (
				F7DA07262A0BFCD300BD13D2 /* FeatureTwoView.swift */,
			);
			path = UI;
			sourceTree = "<group>";
		};
		F7DA071D2A0BF15800BD13D2 /* Feature One */ = {
			isa = PBXGroup;
			children = (
				F7DA07012A0BDE9C00BD13D2 /* Feature One Composition.swift */,
			);
			path = "Feature One";
			sourceTree = "<group>";
		};
		F7DA071E2A0BF15F00BD13D2 /* Feature Two */ = {
			isa = PBXGroup;
			children = (
				F7DA07242A0BFAC800BD13D2 /* Feature Two Composition.swift */,
			);
			path = "Feature Two";
			sourceTree = "<group>";
		};
		F7DA071F2A0BF16900BD13D2 /* Shared Composition */ = {
			isa = PBXGroup;
			children = (
				F7DA073E2A0C159F00BD13D2 /* LoaderHelpers.swift */,
				F7B552892A0E822D00542F45 /* Builders.swift */,
				F7DA07202A0BF3A700BD13D2 /* ViewAdapter.swift */,
				F7DA07222A0BF3EA00BD13D2 /* Dispatching.swift */,
				F7B552912A0F3A0500542F45 /* WeakProxy.swift */,
				F7B5528F2A0EABC500542F45 /* Cancellables.swift */,
			);
			path = "Shared Composition";
			sourceTree = "<group>";
		};
/* End PBXGroup section */

/* Begin PBXHeadersBuildPhase section */
		F7DA06C82A0BC41C00BD13D2 /* Headers */ = {
			isa = PBXHeadersBuildPhase;
			buildActionMask = 2147483647;
			files = (
			);
			runOnlyForDeploymentPostprocessing = 0;
		};
/* End PBXHeadersBuildPhase section */

/* Begin PBXNativeTarget section */
		F7DA06CC2A0BC41C00BD13D2 /* arch */ = {
			isa = PBXNativeTarget;
			buildConfigurationList = F7DA06D42A0BC41C00BD13D2 /* Build configuration list for PBXNativeTarget "arch" */;
			buildPhases = (
				F7DA06C82A0BC41C00BD13D2 /* Headers */,
				F7DA06C92A0BC41C00BD13D2 /* Sources */,
				F7DA06CA2A0BC41C00BD13D2 /* Frameworks */,
				F7DA06CB2A0BC41C00BD13D2 /* Resources */,
			);
			buildRules = (
			);
			dependencies = (
			);
			name = arch;
			productName = arch;
			productReference = F7B552812A0E0AF800542F45 /* arch.framework */;
			productType = "com.apple.product-type.framework";
		};
/* End PBXNativeTarget section */

/* Begin PBXProject section */
		F7DA06C42A0BC41C00BD13D2 /* Project object */ = {
			isa = PBXProject;
			attributes = {
				BuildIndependentTargetsInParallel = 1;
				LastUpgradeCheck = 1410;
				TargetAttributes = {
					F7DA06CC2A0BC41C00BD13D2 = {
						CreatedOnToolsVersion = 14.1;
						LastSwiftMigration = 1410;
					};
				};
			};
			buildConfigurationList = F7DA06C72A0BC41C00BD13D2 /* Build configuration list for PBXProject "arch" */;
			compatibilityVersion = "Xcode 14.0";
			developmentRegion = en;
			hasScannedForEncodings = 0;
			knownRegions = (
				en,
				Base,
			);
			mainGroup = F7DA06C32A0BC41C00BD13D2;
			productRefGroup = F7DA06C32A0BC41C00BD13D2;
			projectDirPath = "";
			projectRoot = "";
			targets = (
				F7DA06CC2A0BC41C00BD13D2 /* arch */,
			);
		};
/* End PBXProject section */

/* Begin PBXResourcesBuildPhase section */
		F7DA06CB2A0BC41C00BD13D2 /* Resources */ = {
			isa = PBXResourcesBuildPhase;
			buildActionMask = 2147483647;
			files = (
			);
			runOnlyForDeploymentPostprocessing = 0;
		};
/* End PBXResourcesBuildPhase section */

/* Begin PBXSourcesBuildPhase section */
		F7DA06C92A0BC41C00BD13D2 /* Sources */ = {
			isa = PBXSourcesBuildPhase;
			buildActionMask = 2147483647;
			files = (
				F7DA06FC2A0BDCFE00BD13D2 /* LocalOne.swift in Sources */,
				F7B552992A0F3D8100542F45 /* Logging.swift in Sources */,
				F7DA07122A0BE6F200BD13D2 /* ViewModelOneMapper.swift in Sources */,
				F7B552922A0F3A0500542F45 /* WeakProxy.swift in Sources */,
				F7DA07022A0BDE9C00BD13D2 /* Feature One Composition.swift in Sources */,
				F7DA07332A0BFE1400BD13D2 /* DTOTwoMapper.swift in Sources */,
				F7DA071C2A0BE8B400BD13D2 /* ContainerView.swift in Sources */,
				F7B552972A0F3D7900542F45 /* Analytics.swift in Sources */,
				F7DA072B2A0BFD4C00BD13D2 /* ViewModelTwoMapper.swift in Sources */,
				F7DA072D2A0BFD7600BD13D2 /* LocalTwo.swift in Sources */,
				F7DA07272A0BFCD300BD13D2 /* FeatureTwoView.swift in Sources */,
				F7DA07432A0C18EB00BD13D2 /* Endpoint.swift in Sources */,
				F7DA06EE2A0BD60E00BD13D2 /* URLSessionHTTPClient.swift in Sources */,
				F7B552902A0EABC500542F45 /* Cancellables.swift in Sources */,
				F7DA06FE2A0BDD7600BD13D2 /* DTOOneMapper.swift in Sources */,
				F7DA06DE2A0BCB1000BD13D2 /* CacheUseCase.swift in Sources */,
				F7DA07212A0BF3A700BD13D2 /* ViewAdapter.swift in Sources */,
				F7DA073D2A0C057300BD13D2 /* DefaultCacheValidationPolicy.swift in Sources */,
				F7DA07312A0BFE0B00BD13D2 /* DTOTwo.swift in Sources */,
				F7DA07002A0BDD8700BD13D2 /* LocalOneMapper.swift in Sources */,
				F7DA07252A0BFAC800BD13D2 /* Feature Two Composition.swift in Sources */,
				F7DA06F42A0BD84E00BD13D2 /* DTOMapper.swift in Sources */,
				F7DA06F82A0BDCE700BD13D2 /* ModelOne.swift in Sources */,
				F7B5529B2A0F3D9400542F45 /* Authentication.swift in Sources */,
				F7DA07052A0BE2E800BD13D2 /* LoadingResourcePresenter.swift in Sources */,
				F7DA071A2A0BE87C00BD13D2 /* FeatureOneView.swift in Sources */,
				F7DA07232A0BF3EA00BD13D2 /* Dispatching.swift in Sources */,
				F7B5528A2A0E822D00542F45 /* Builders.swift in Sources */,
				F7DA06FA2A0BDCF500BD13D2 /* DTOOne.swift in Sources */,
				F7DA073B2A0C02B800BD13D2 /* Main.swift in Sources */,
				F7DA07102A0BE6E800BD13D2 /* ViewModelOne.swift in Sources */,
				F7DA07452A0C1B6000BD13D2 /* EndpointTwo.swift in Sources */,
				F7DA07292A0BFD0100BD13D2 /* ViewModelTwo.swift in Sources */,
				F7DA073F2A0C159F00BD13D2 /* LoaderHelpers.swift in Sources */,
				F7DA07352A0BFE2100BD13D2 /* ModelTwo.swift in Sources */,
				F7DA07412A0C18A800BD13D2 /* EndpointOne.swift in Sources */,
				F7DA072F2A0BFDAD00BD13D2 /* LocalTwoMapper.swift in Sources */,
				F7DA07072A0BE4A900BD13D2 /* LoadingResourcePresenterViews.swift in Sources */,
				F7DA06F62A0BDCA700BD13D2 /* LocalStorage.swift in Sources */,
				F7DA06DC2A0BCA4F00BD13D2 /* InMemoryStorage.swift in Sources */,
			);
			runOnlyForDeploymentPostprocessing = 0;
		};
/* End PBXSourcesBuildPhase section */

/* Begin XCBuildConfiguration section */
		F7DA06D22A0BC41C00BD13D2 /* Debug */ = {
			isa = XCBuildConfiguration;
			buildSettings = {
				ALWAYS_SEARCH_USER_PATHS = NO;
				CLANG_ANALYZER_NONNULL = YES;
				CLANG_ANALYZER_NUMBER_OBJECT_CONVERSION = YES_AGGRESSIVE;
				CLANG_CXX_LANGUAGE_STANDARD = "gnu++20";
				CLANG_ENABLE_MODULES = YES;
				CLANG_ENABLE_OBJC_ARC = YES;
				CLANG_ENABLE_OBJC_WEAK = YES;
				CLANG_WARN_BLOCK_CAPTURE_AUTORELEASING = YES;
				CLANG_WARN_BOOL_CONVERSION = YES;
				CLANG_WARN_COMMA = YES;
				CLANG_WARN_CONSTANT_CONVERSION = YES;
				CLANG_WARN_DEPRECATED_OBJC_IMPLEMENTATIONS = YES;
				CLANG_WARN_DIRECT_OBJC_ISA_USAGE = YES_ERROR;
				CLANG_WARN_DOCUMENTATION_COMMENTS = YES;
				CLANG_WARN_EMPTY_BODY = YES;
				CLANG_WARN_ENUM_CONVERSION = YES;
				CLANG_WARN_INFINITE_RECURSION = YES;
				CLANG_WARN_INT_CONVERSION = YES;
				CLANG_WARN_NON_LITERAL_NULL_CONVERSION = YES;
				CLANG_WARN_OBJC_IMPLICIT_RETAIN_SELF = YES;
				CLANG_WARN_OBJC_LITERAL_CONVERSION = YES;
				CLANG_WARN_OBJC_ROOT_CLASS = YES_ERROR;
				CLANG_WARN_QUOTED_INCLUDE_IN_FRAMEWORK_HEADER = YES;
				CLANG_WARN_RANGE_LOOP_ANALYSIS = YES;
				CLANG_WARN_STRICT_PROTOTYPES = YES;
				CLANG_WARN_SUSPICIOUS_MOVE = YES;
				CLANG_WARN_UNGUARDED_AVAILABILITY = YES_AGGRESSIVE;
				CLANG_WARN_UNREACHABLE_CODE = YES;
				CLANG_WARN__DUPLICATE_METHOD_MATCH = YES;
				COPY_PHASE_STRIP = NO;
				CURRENT_PROJECT_VERSION = 1;
				DEBUG_INFORMATION_FORMAT = dwarf;
				ENABLE_STRICT_OBJC_MSGSEND = YES;
				ENABLE_TESTABILITY = YES;
				GCC_C_LANGUAGE_STANDARD = gnu11;
				GCC_DYNAMIC_NO_PIC = NO;
				GCC_NO_COMMON_BLOCKS = YES;
				GCC_OPTIMIZATION_LEVEL = 0;
				GCC_PREPROCESSOR_DEFINITIONS = (
					"DEBUG=1",
					"$(inherited)",
				);
				GCC_WARN_64_TO_32_BIT_CONVERSION = YES;
				GCC_WARN_ABOUT_RETURN_TYPE = YES_ERROR;
				GCC_WARN_UNDECLARED_SELECTOR = YES;
				GCC_WARN_UNINITIALIZED_AUTOS = YES_AGGRESSIVE;
				GCC_WARN_UNUSED_FUNCTION = YES;
				GCC_WARN_UNUSED_VARIABLE = YES;
				MACOSX_DEPLOYMENT_TARGET = 12.6;
				MTL_ENABLE_DEBUG_INFO = INCLUDE_SOURCE;
				MTL_FAST_MATH = YES;
				ONLY_ACTIVE_ARCH = YES;
				SDKROOT = macosx;
				SWIFT_ACTIVE_COMPILATION_CONDITIONS = DEBUG;
				SWIFT_OPTIMIZATION_LEVEL = "-Onone";
				VERSIONING_SYSTEM = "apple-generic";
				VERSION_INFO_PREFIX = "";
			};
			name = Debug;
		};
		F7DA06D32A0BC41C00BD13D2 /* Release */ = {
			isa = XCBuildConfiguration;
			buildSettings = {
				ALWAYS_SEARCH_USER_PATHS = NO;
				CLANG_ANALYZER_NONNULL = YES;
				CLANG_ANALYZER_NUMBER_OBJECT_CONVERSION = YES_AGGRESSIVE;
				CLANG_CXX_LANGUAGE_STANDARD = "gnu++20";
				CLANG_ENABLE_MODULES = YES;
				CLANG_ENABLE_OBJC_ARC = YES;
				CLANG_ENABLE_OBJC_WEAK = YES;
				CLANG_WARN_BLOCK_CAPTURE_AUTORELEASING = YES;
				CLANG_WARN_BOOL_CONVERSION = YES;
				CLANG_WARN_COMMA = YES;
				CLANG_WARN_CONSTANT_CONVERSION = YES;
				CLANG_WARN_DEPRECATED_OBJC_IMPLEMENTATIONS = YES;
				CLANG_WARN_DIRECT_OBJC_ISA_USAGE = YES_ERROR;
				CLANG_WARN_DOCUMENTATION_COMMENTS = YES;
				CLANG_WARN_EMPTY_BODY = YES;
				CLANG_WARN_ENUM_CONVERSION = YES;
				CLANG_WARN_INFINITE_RECURSION = YES;
				CLANG_WARN_INT_CONVERSION = YES;
				CLANG_WARN_NON_LITERAL_NULL_CONVERSION = YES;
				CLANG_WARN_OBJC_IMPLICIT_RETAIN_SELF = YES;
				CLANG_WARN_OBJC_LITERAL_CONVERSION = YES;
				CLANG_WARN_OBJC_ROOT_CLASS = YES_ERROR;
				CLANG_WARN_QUOTED_INCLUDE_IN_FRAMEWORK_HEADER = YES;
				CLANG_WARN_RANGE_LOOP_ANALYSIS = YES;
				CLANG_WARN_STRICT_PROTOTYPES = YES;
				CLANG_WARN_SUSPICIOUS_MOVE = YES;
				CLANG_WARN_UNGUARDED_AVAILABILITY = YES_AGGRESSIVE;
				CLANG_WARN_UNREACHABLE_CODE = YES;
				CLANG_WARN__DUPLICATE_METHOD_MATCH = YES;
				COPY_PHASE_STRIP = NO;
				CURRENT_PROJECT_VERSION = 1;
				DEBUG_INFORMATION_FORMAT = "dwarf-with-dsym";
				ENABLE_NS_ASSERTIONS = NO;
				ENABLE_STRICT_OBJC_MSGSEND = YES;
				GCC_C_LANGUAGE_STANDARD = gnu11;
				GCC_NO_COMMON_BLOCKS = YES;
				GCC_WARN_64_TO_32_BIT_CONVERSION = YES;
				GCC_WARN_ABOUT_RETURN_TYPE = YES_ERROR;
				GCC_WARN_UNDECLARED_SELECTOR = YES;
				GCC_WARN_UNINITIALIZED_AUTOS = YES_AGGRESSIVE;
				GCC_WARN_UNUSED_FUNCTION = YES;
				GCC_WARN_UNUSED_VARIABLE = YES;
				MACOSX_DEPLOYMENT_TARGET = 12.6;
				MTL_ENABLE_DEBUG_INFO = NO;
				MTL_FAST_MATH = YES;
				SDKROOT = macosx;
				SWIFT_COMPILATION_MODE = wholemodule;
				SWIFT_OPTIMIZATION_LEVEL = "-O";
				VERSIONING_SYSTEM = "apple-generic";
				VERSION_INFO_PREFIX = "";
			};
			name = Release;
		};
		F7DA06D52A0BC41C00BD13D2 /* Debug */ = {
			isa = XCBuildConfiguration;
			buildSettings = {
				CLANG_ENABLE_MODULES = YES;
				CODE_SIGN_STYLE = Automatic;
				COMBINE_HIDPI_IMAGES = YES;
				CURRENT_PROJECT_VERSION = 1;
				DEFINES_MODULE = YES;
				DYLIB_COMPATIBILITY_VERSION = 1;
				DYLIB_CURRENT_VERSION = 1;
				DYLIB_INSTALL_NAME_BASE = "@rpath";
				GENERATE_INFOPLIST_FILE = YES;
				INFOPLIST_KEY_NSHumanReadableCopyright = "";
				INSTALL_PATH = "$(LOCAL_LIBRARY_DIR)/Frameworks";
				LD_RUNPATH_SEARCH_PATHS = (
					"$(inherited)",
					"@executable_path/../Frameworks",
					"@loader_path/Frameworks",
				);
				MARKETING_VERSION = 1.0;
				PRODUCT_BUNDLE_IDENTIFIER = klyotskin.arch;
				PRODUCT_NAME = "$(TARGET_NAME:c99extidentifier)";
				SDKROOT = iphoneos;
				SKIP_INSTALL = YES;
				SUPPORTED_PLATFORMS = "appletvos appletvsimulator driverkit iphoneos iphonesimulator macosx watchos watchsimulator";
				SUPPORTS_MACCATALYST = YES;
				SUPPORTS_MAC_DESIGNED_FOR_IPHONE_IPAD = YES;
				SWIFT_EMIT_LOC_STRINGS = YES;
				SWIFT_OPTIMIZATION_LEVEL = "-Onone";
				SWIFT_VERSION = 5.0;
				TARGETED_DEVICE_FAMILY = "1,2,3,4";
			};
			name = Debug;
		};
		F7DA06D62A0BC41C00BD13D2 /* Release */ = {
			isa = XCBuildConfiguration;
			buildSettings = {
				CLANG_ENABLE_MODULES = YES;
				CODE_SIGN_STYLE = Automatic;
				COMBINE_HIDPI_IMAGES = YES;
				CURRENT_PROJECT_VERSION = 1;
				DEFINES_MODULE = YES;
				DYLIB_COMPATIBILITY_VERSION = 1;
				DYLIB_CURRENT_VERSION = 1;
				DYLIB_INSTALL_NAME_BASE = "@rpath";
				GENERATE_INFOPLIST_FILE = YES;
				INFOPLIST_KEY_NSHumanReadableCopyright = "";
				INSTALL_PATH = "$(LOCAL_LIBRARY_DIR)/Frameworks";
				LD_RUNPATH_SEARCH_PATHS = (
					"$(inherited)",
					"@executable_path/../Frameworks",
					"@loader_path/Frameworks",
				);
				MARKETING_VERSION = 1.0;
				PRODUCT_BUNDLE_IDENTIFIER = klyotskin.arch;
				PRODUCT_NAME = "$(TARGET_NAME:c99extidentifier)";
				SDKROOT = iphoneos;
				SKIP_INSTALL = YES;
				SUPPORTED_PLATFORMS = "appletvos appletvsimulator driverkit iphoneos iphonesimulator macosx watchos watchsimulator";
				SUPPORTS_MACCATALYST = YES;
				SUPPORTS_MAC_DESIGNED_FOR_IPHONE_IPAD = YES;
				SWIFT_EMIT_LOC_STRINGS = YES;
				SWIFT_VERSION = 5.0;
				TARGETED_DEVICE_FAMILY = "1,2,3,4";
			};
			name = Release;
		};
/* End XCBuildConfiguration section */

/* Begin XCConfigurationList section */
		F7DA06C72A0BC41C00BD13D2 /* Build configuration list for PBXProject "arch" */ = {
			isa = XCConfigurationList;
			buildConfigurations = (
				F7DA06D22A0BC41C00BD13D2 /* Debug */,
				F7DA06D32A0BC41C00BD13D2 /* Release */,
			);
			defaultConfigurationIsVisible = 0;
			defaultConfigurationName = Release;
		};
		F7DA06D42A0BC41C00BD13D2 /* Build configuration list for PBXNativeTarget "arch" */ = {
			isa = XCConfigurationList;
			buildConfigurations = (
				F7DA06D52A0BC41C00BD13D2 /* Debug */,
				F7DA06D62A0BC41C00BD13D2 /* Release */,
			);
			defaultConfigurationIsVisible = 0;
			defaultConfigurationName = Release;
		};
/* End XCConfigurationList section */
	};
	rootObject = F7DA06C42A0BC41C00BD13D2 /* Project object */;
}
